// !$*UTF8*$!
{
	archiveVersion = 1;
	classes = {
	};
	objectVersion = 46;
	objects = {

/* Begin PBXBuildFile section */
		8F19E7581A972FF8003CE222 /* Carbon.framework in Frameworks */ = {isa = PBXBuildFile; fileRef = 8F19E7571A972FF8003CE222 /* Carbon.framework */; };
		8F19E75C1A973003003CE222 /* AudioToolbox.framework in Frameworks */ = {isa = PBXBuildFile; fileRef = 8F19E7591A973003003CE222 /* AudioToolbox.framework */; };
		8F19E75D1A973003003CE222 /* AudioUnit.framework in Frameworks */ = {isa = PBXBuildFile; fileRef = 8F19E75A1A973003003CE222 /* AudioUnit.framework */; };
		8F19E75E1A973003003CE222 /* CoreAudio.framework in Frameworks */ = {isa = PBXBuildFile; fileRef = 8F19E75B1A973003003CE222 /* CoreAudio.framework */; };
		8F19E7601A97301A003CE222 /* CoreAudioKit.framework in Frameworks */ = {isa = PBXBuildFile; fileRef = 8F19E75F1A97301A003CE222 /* CoreAudioKit.framework */; };
		8F41B50C1A7E3C990067E122 /* Accelerate.framework in Frameworks */ = {isa = PBXBuildFile; fileRef = 8F41B50B1A7E3C990067E122 /* Accelerate.framework */; };
		8F56AD991AA30148001BB103 /* KiwiColor.cpp in Sources */ = {isa = PBXBuildFile; fileRef = 8F56AD8E1AA30148001BB103 /* KiwiColor.cpp */; };
		8F56AD9A1AA30148001BB103 /* KiwiFont.cpp in Sources */ = {isa = PBXBuildFile; fileRef = 8F56AD901AA30148001BB103 /* KiwiFont.cpp */; };
		8F56AD9B1AA30148001BB103 /* KiwiPath.cpp in Sources */ = {isa = PBXBuildFile; fileRef = 8F56AD931AA30148001BB103 /* KiwiPath.cpp */; };
		8F56AD9C1AA30148001BB103 /* KiwiPoint.cpp in Sources */ = {isa = PBXBuildFile; fileRef = 8F56AD951AA30148001BB103 /* KiwiPoint.cpp */; };
		8F56AD9D1AA30148001BB103 /* KiwiRectangle.cpp in Sources */ = {isa = PBXBuildFile; fileRef = 8F56AD971AA30148001BB103 /* KiwiRectangle.cpp */; };
		8F73A7B31A9EFFCB00B38565 /* KiwiAtom.cpp in Sources */ = {isa = PBXBuildFile; fileRef = 8F73A72C1A9EFFCA00B38565 /* KiwiAtom.cpp */; };
		8F73A7B41A9EFFCB00B38565 /* KiwiBeacon.cpp in Sources */ = {isa = PBXBuildFile; fileRef = 8F73A72E1A9EFFCA00B38565 /* KiwiBeacon.cpp */; };
		8F73A7B51A9EFFCB00B38565 /* KiwiClock.cpp in Sources */ = {isa = PBXBuildFile; fileRef = 8F73A7301A9EFFCA00B38565 /* KiwiClock.cpp */; };
		8F73A7B71A9EFFCB00B38565 /* KiwiTag.cpp in Sources */ = {isa = PBXBuildFile; fileRef = 8F73A7351A9EFFCA00B38565 /* KiwiTag.cpp */; };
		8F73A7C31A9EFFCB00B38565 /* Attribute.cpp in Sources */ = {isa = PBXBuildFile; fileRef = 8F73A75A1A9EFFCA00B38565 /* Attribute.cpp */; };
		8F73A7C41A9EFFCB00B38565 /* Default.cpp in Sources */ = {isa = PBXBuildFile; fileRef = 8F73A75D1A9EFFCA00B38565 /* Default.cpp */; };
		8F73A7C51A9EFFCB00B38565 /* Graphic.cpp in Sources */ = {isa = PBXBuildFile; fileRef = 8F73A75F1A9EFFCA00B38565 /* Graphic.cpp */; };
		8F73A7CD1A9EFFCB00B38565 /* Keyboarder.cpp in Sources */ = {isa = PBXBuildFile; fileRef = 8F73A7781A9EFFCB00B38565 /* Keyboarder.cpp */; };
		8F73A7CE1A9EFFCB00B38565 /* Mouser.cpp in Sources */ = {isa = PBXBuildFile; fileRef = 8F73A77B1A9EFFCB00B38565 /* Mouser.cpp */; };
		8F73A7CF1A9EFFCB00B38565 /* Sketcher.cpp in Sources */ = {isa = PBXBuildFile; fileRef = 8F73A77D1A9EFFCB00B38565 /* Sketcher.cpp */; };
		8F73A7D01A9EFFCB00B38565 /* Writer.cpp in Sources */ = {isa = PBXBuildFile; fileRef = 8F73A77F1A9EFFCB00B38565 /* Writer.cpp */; };
		8F73A7D11A9EFFCB00B38565 /* Classic.cpp in Sources */ = {isa = PBXBuildFile; fileRef = 8F73A7821A9EFFCB00B38565 /* Classic.cpp */; };
		8F73A7D21A9EFFCB00B38565 /* Major.cpp in Sources */ = {isa = PBXBuildFile; fileRef = 8F73A7841A9EFFCB00B38565 /* Major.cpp */; };
		8F73A7DF1A9EFFCB00B38565 /* KiwiConsole.cpp in Sources */ = {isa = PBXBuildFile; fileRef = 8F73A7A91A9EFFCB00B38565 /* KiwiConsole.cpp */; };
		8F73A7E01A9EFFCB00B38565 /* KiwiInstance.cpp in Sources */ = {isa = PBXBuildFile; fileRef = 8F73A7AB1A9EFFCB00B38565 /* KiwiInstance.cpp */; };
		8F73A7E11A9EFFCB00B38565 /* KiwiObject.cpp in Sources */ = {isa = PBXBuildFile; fileRef = 8F73A7AD1A9EFFCB00B38565 /* KiwiObject.cpp */; };
		8F73A7E21A9EFFCB00B38565 /* KiwiPatch.cpp in Sources */ = {isa = PBXBuildFile; fileRef = 8F73A7AF1A9EFFCB00B38565 /* KiwiPatch.cpp */; };
		8F73A7EB1A9F023700B38565 /* KiwiLink.cpp in Sources */ = {isa = PBXBuildFile; fileRef = 8F73A7E91A9F023700B38565 /* KiwiLink.cpp */; };
		8F73A7ED1A9F067E00B38565 /* libportaudio.a in Frameworks */ = {isa = PBXBuildFile; fileRef = 8F73A7EC1A9F067E00B38565 /* libportaudio.a */; };
		8F73A8081A9F105800B38565 /* KiwiDspGenerator.cpp in Sources */ = {isa = PBXBuildFile; fileRef = 8F73A7FC1A9F105800B38565 /* KiwiDspGenerator.cpp */; };
		8F73A8091A9F105800B38565 /* KiwiDspIo.cpp in Sources */ = {isa = PBXBuildFile; fileRef = 8F73A7FE1A9F105800B38565 /* KiwiDspIo.cpp */; };
		8F73A80A1A9F105800B38565 /* KiwiDspMath.cpp in Sources */ = {isa = PBXBuildFile; fileRef = 8F73A8001A9F105800B38565 /* KiwiDspMath.cpp */; };
		8F73A8191A9F109E00B38565 /* KiwiDspChain.cpp in Sources */ = {isa = PBXBuildFile; fileRef = 8F73A80C1A9F109E00B38565 /* KiwiDspChain.cpp */; };
		8F73A81A1A9F109E00B38565 /* KiwiDspContext.cpp in Sources */ = {isa = PBXBuildFile; fileRef = 8F73A80E1A9F109E00B38565 /* KiwiDspContext.cpp */; };
		8F73A81B1A9F109E00B38565 /* KiwiDspDevice.cpp in Sources */ = {isa = PBXBuildFile; fileRef = 8F73A8101A9F109E00B38565 /* KiwiDspDevice.cpp */; };
		8F73A81C1A9F109E00B38565 /* KiwiDspIoput.cpp in Sources */ = {isa = PBXBuildFile; fileRef = 8F73A8131A9F109E00B38565 /* KiwiDspIoput.cpp */; };
		8F73A81D1A9F109E00B38565 /* KiwiDspNode.cpp in Sources */ = {isa = PBXBuildFile; fileRef = 8F73A8161A9F109E00B38565 /* KiwiDspNode.cpp */; };
		8FA92C2B1A9F12A5006BAFC5 /* KiwiDspPortAudio.cpp in Sources */ = {isa = PBXBuildFile; fileRef = 8FA92C271A9F12A5006BAFC5 /* KiwiDspPortAudio.cpp */; };
		8FA92C2F1A9F29EB006BAFC5 /* KiwiDspJuce.cpp in Sources */ = {isa = PBXBuildFile; fileRef = 8FA92C2D1A9F29EB006BAFC5 /* KiwiDspJuce.cpp */; };
		8FA92C3F1A9F2AED006BAFC5 /* KiwiObjectsDspGenerator.cpp in Sources */ = {isa = PBXBuildFile; fileRef = 8FA92C361A9F2AED006BAFC5 /* KiwiObjectsDspGenerator.cpp */; };
		8FA92C401A9F2AED006BAFC5 /* KiwiObjectsDspIo.cpp in Sources */ = {isa = PBXBuildFile; fileRef = 8FA92C381A9F2AED006BAFC5 /* KiwiObjectsDspIo.cpp */; };
		8FA92C411A9F2AED006BAFC5 /* KiwiObjectsGuiClassic.cpp in Sources */ = {isa = PBXBuildFile; fileRef = 8FA92C3B1A9F2AED006BAFC5 /* KiwiObjectsGuiClassic.cpp */; };
		8FA92C461A9F2C76006BAFC5 /* KiwiObjectsBasicDefault.cpp in Sources */ = {isa = PBXBuildFile; fileRef = 8FA92C441A9F2C76006BAFC5 /* KiwiObjectsBasicDefault.cpp */; };
		8FD469691A9F646C00EC3487 /* main.cpp in Sources */ = {isa = PBXBuildFile; fileRef = 8FD469681A9F646C00EC3487 /* main.cpp */; };
/* End PBXBuildFile section */

/* Begin PBXCopyFilesBuildPhase section */
		8F41B45F1A7E3C640067E122 /* CopyFiles */ = {
			isa = PBXCopyFilesBuildPhase;
			buildActionMask = 2147483647;
			dstPath = /usr/share/man/man1/;
			dstSubfolderSpec = 0;
			files = (
			);
			runOnlyForDeploymentPostprocessing = 1;
		};
/* End PBXCopyFilesBuildPhase section */

/* Begin PBXFileReference section */
		8F19E7571A972FF8003CE222 /* Carbon.framework */ = {isa = PBXFileReference; lastKnownFileType = wrapper.framework; name = Carbon.framework; path = System/Library/Frameworks/Carbon.framework; sourceTree = SDKROOT; };
		8F19E7591A973003003CE222 /* AudioToolbox.framework */ = {isa = PBXFileReference; lastKnownFileType = wrapper.framework; name = AudioToolbox.framework; path = System/Library/Frameworks/AudioToolbox.framework; sourceTree = SDKROOT; };
		8F19E75A1A973003003CE222 /* AudioUnit.framework */ = {isa = PBXFileReference; lastKnownFileType = wrapper.framework; name = AudioUnit.framework; path = System/Library/Frameworks/AudioUnit.framework; sourceTree = SDKROOT; };
		8F19E75B1A973003003CE222 /* CoreAudio.framework */ = {isa = PBXFileReference; lastKnownFileType = wrapper.framework; name = CoreAudio.framework; path = System/Library/Frameworks/CoreAudio.framework; sourceTree = SDKROOT; };
		8F19E75F1A97301A003CE222 /* CoreAudioKit.framework */ = {isa = PBXFileReference; lastKnownFileType = wrapper.framework; name = CoreAudioKit.framework; path = System/Library/Frameworks/CoreAudioKit.framework; sourceTree = SDKROOT; };
		8F41B4611A7E3C640067E122 /* ExPatcherPA */ = {isa = PBXFileReference; explicitFileType = "compiled.mach-o.executable"; includeInIndex = 0; path = ExPatcherPA; sourceTree = BUILT_PRODUCTS_DIR; };
		8F41B50B1A7E3C990067E122 /* Accelerate.framework */ = {isa = PBXFileReference; lastKnownFileType = wrapper.framework; name = Accelerate.framework; path = System/Library/Frameworks/Accelerate.framework; sourceTree = SDKROOT; };
		8F56AD8E1AA30148001BB103 /* KiwiColor.cpp */ = {isa = PBXFileReference; fileEncoding = 4; lastKnownFileType = sourcecode.cpp.cpp; path = KiwiColor.cpp; sourceTree = "<group>"; };
		8F56AD8F1AA30148001BB103 /* KiwiColor.h */ = {isa = PBXFileReference; fileEncoding = 4; lastKnownFileType = sourcecode.c.h; path = KiwiColor.h; sourceTree = "<group>"; };
		8F56AD901AA30148001BB103 /* KiwiFont.cpp */ = {isa = PBXFileReference; fileEncoding = 4; lastKnownFileType = sourcecode.cpp.cpp; path = KiwiFont.cpp; sourceTree = "<group>"; };
		8F56AD911AA30148001BB103 /* KiwiFont.h */ = {isa = PBXFileReference; fileEncoding = 4; lastKnownFileType = sourcecode.c.h; path = KiwiFont.h; sourceTree = "<group>"; };
		8F56AD921AA30148001BB103 /* KiwiGraphics.h */ = {isa = PBXFileReference; fileEncoding = 4; lastKnownFileType = sourcecode.c.h; path = KiwiGraphics.h; sourceTree = "<group>"; };
		8F56AD931AA30148001BB103 /* KiwiPath.cpp */ = {isa = PBXFileReference; fileEncoding = 4; lastKnownFileType = sourcecode.cpp.cpp; path = KiwiPath.cpp; sourceTree = "<group>"; };
		8F56AD941AA30148001BB103 /* KiwiPath.h */ = {isa = PBXFileReference; fileEncoding = 4; lastKnownFileType = sourcecode.c.h; path = KiwiPath.h; sourceTree = "<group>"; };
		8F56AD951AA30148001BB103 /* KiwiPoint.cpp */ = {isa = PBXFileReference; fileEncoding = 4; lastKnownFileType = sourcecode.cpp.cpp; path = KiwiPoint.cpp; sourceTree = "<group>"; };
		8F56AD961AA30148001BB103 /* KiwiPoint.h */ = {isa = PBXFileReference; fileEncoding = 4; lastKnownFileType = sourcecode.c.h; path = KiwiPoint.h; sourceTree = "<group>"; };
		8F56AD971AA30148001BB103 /* KiwiRectangle.cpp */ = {isa = PBXFileReference; fileEncoding = 4; lastKnownFileType = sourcecode.cpp.cpp; path = KiwiRectangle.cpp; sourceTree = "<group>"; };
		8F56AD981AA30148001BB103 /* KiwiRectangle.h */ = {isa = PBXFileReference; fileEncoding = 4; lastKnownFileType = sourcecode.c.h; path = KiwiRectangle.h; sourceTree = "<group>"; };
		8F73A72C1A9EFFCA00B38565 /* KiwiAtom.cpp */ = {isa = PBXFileReference; fileEncoding = 4; lastKnownFileType = sourcecode.cpp.cpp; path = KiwiAtom.cpp; sourceTree = "<group>"; };
		8F73A72D1A9EFFCA00B38565 /* KiwiAtom.h */ = {isa = PBXFileReference; fileEncoding = 4; lastKnownFileType = sourcecode.c.h; path = KiwiAtom.h; sourceTree = "<group>"; };
		8F73A72E1A9EFFCA00B38565 /* KiwiBeacon.cpp */ = {isa = PBXFileReference; fileEncoding = 4; lastKnownFileType = sourcecode.cpp.cpp; path = KiwiBeacon.cpp; sourceTree = "<group>"; };
		8F73A72F1A9EFFCA00B38565 /* KiwiBeacon.h */ = {isa = PBXFileReference; fileEncoding = 4; lastKnownFileType = sourcecode.c.h; path = KiwiBeacon.h; sourceTree = "<group>"; };
		8F73A7301A9EFFCA00B38565 /* KiwiClock.cpp */ = {isa = PBXFileReference; fileEncoding = 4; lastKnownFileType = sourcecode.cpp.cpp; path = KiwiClock.cpp; sourceTree = "<group>"; };
		8F73A7311A9EFFCA00B38565 /* KiwiClock.h */ = {isa = PBXFileReference; fileEncoding = 4; lastKnownFileType = sourcecode.c.h; path = KiwiClock.h; sourceTree = "<group>"; };
		8F73A7321A9EFFCA00B38565 /* KiwiCore.h */ = {isa = PBXFileReference; fileEncoding = 4; lastKnownFileType = sourcecode.c.h; path = KiwiCore.h; sourceTree = "<group>"; };
		8F73A7351A9EFFCA00B38565 /* KiwiTag.cpp */ = {isa = PBXFileReference; fileEncoding = 4; lastKnownFileType = sourcecode.cpp.cpp; path = KiwiTag.cpp; sourceTree = "<group>"; };
		8F73A7361A9EFFCA00B38565 /* KiwiTag.h */ = {isa = PBXFileReference; fileEncoding = 4; lastKnownFileType = sourcecode.c.h; path = KiwiTag.h; sourceTree = "<group>"; };
		8F73A7371A9EFFCA00B38565 /* KiwiTools.h */ = {isa = PBXFileReference; fileEncoding = 4; lastKnownFileType = sourcecode.c.h; path = KiwiTools.h; sourceTree = "<group>"; };
		8F73A7471A9EFFCA00B38565 /* KiwiDsp.h */ = {isa = PBXFileReference; fileEncoding = 4; lastKnownFileType = sourcecode.c.h; path = KiwiDsp.h; sourceTree = "<group>"; };
		8F73A75A1A9EFFCA00B38565 /* Attribute.cpp */ = {isa = PBXFileReference; fileEncoding = 4; lastKnownFileType = sourcecode.cpp.cpp; path = Attribute.cpp; sourceTree = "<group>"; };
		8F73A75B1A9EFFCA00B38565 /* Attribute.h */ = {isa = PBXFileReference; fileEncoding = 4; lastKnownFileType = sourcecode.c.h; path = Attribute.h; sourceTree = "<group>"; };
		8F73A75C1A9EFFCA00B38565 /* Attributes.h */ = {isa = PBXFileReference; fileEncoding = 4; lastKnownFileType = sourcecode.c.h; path = Attributes.h; sourceTree = "<group>"; };
		8F73A75D1A9EFFCA00B38565 /* Default.cpp */ = {isa = PBXFileReference; fileEncoding = 4; lastKnownFileType = sourcecode.cpp.cpp; path = Default.cpp; sourceTree = "<group>"; };
		8F73A75E1A9EFFCA00B38565 /* Default.h */ = {isa = PBXFileReference; fileEncoding = 4; lastKnownFileType = sourcecode.c.h; path = Default.h; sourceTree = "<group>"; };
		8F73A75F1A9EFFCA00B38565 /* Graphic.cpp */ = {isa = PBXFileReference; fileEncoding = 4; lastKnownFileType = sourcecode.cpp.cpp; path = Graphic.cpp; sourceTree = "<group>"; };
		8F73A7601A9EFFCA00B38565 /* Graphic.h */ = {isa = PBXFileReference; fileEncoding = 4; lastKnownFileType = sourcecode.c.h; path = Graphic.h; sourceTree = "<group>"; };
		8F73A7751A9EFFCB00B38565 /* KiwiGui.h */ = {isa = PBXFileReference; fileEncoding = 4; lastKnownFileType = sourcecode.c.h; path = KiwiGui.h; sourceTree = "<group>"; };
		8F73A7781A9EFFCB00B38565 /* Keyboarder.cpp */ = {isa = PBXFileReference; fileEncoding = 4; lastKnownFileType = sourcecode.cpp.cpp; path = Keyboarder.cpp; sourceTree = "<group>"; };
		8F73A7791A9EFFCB00B38565 /* Keyboarder.h */ = {isa = PBXFileReference; fileEncoding = 4; lastKnownFileType = sourcecode.c.h; path = Keyboarder.h; sourceTree = "<group>"; };
		8F73A77A1A9EFFCB00B38565 /* Models.h */ = {isa = PBXFileReference; fileEncoding = 4; lastKnownFileType = sourcecode.c.h; path = Models.h; sourceTree = "<group>"; };
		8F73A77B1A9EFFCB00B38565 /* Mouser.cpp */ = {isa = PBXFileReference; fileEncoding = 4; lastKnownFileType = sourcecode.cpp.cpp; path = Mouser.cpp; sourceTree = "<group>"; };
		8F73A77C1A9EFFCB00B38565 /* Mouser.h */ = {isa = PBXFileReference; fileEncoding = 4; lastKnownFileType = sourcecode.c.h; path = Mouser.h; sourceTree = "<group>"; };
		8F73A77D1A9EFFCB00B38565 /* Sketcher.cpp */ = {isa = PBXFileReference; fileEncoding = 4; lastKnownFileType = sourcecode.cpp.cpp; path = Sketcher.cpp; sourceTree = "<group>"; };
		8F73A77E1A9EFFCB00B38565 /* Sketcher.h */ = {isa = PBXFileReference; fileEncoding = 4; lastKnownFileType = sourcecode.c.h; path = Sketcher.h; sourceTree = "<group>"; };
		8F73A77F1A9EFFCB00B38565 /* Writer.cpp */ = {isa = PBXFileReference; fileEncoding = 4; lastKnownFileType = sourcecode.cpp.cpp; path = Writer.cpp; sourceTree = "<group>"; };
		8F73A7801A9EFFCB00B38565 /* Writer.h */ = {isa = PBXFileReference; fileEncoding = 4; lastKnownFileType = sourcecode.c.h; path = Writer.h; sourceTree = "<group>"; };
		8F73A7821A9EFFCB00B38565 /* Classic.cpp */ = {isa = PBXFileReference; fileEncoding = 4; lastKnownFileType = sourcecode.cpp.cpp; path = Classic.cpp; sourceTree = "<group>"; };
		8F73A7831A9EFFCB00B38565 /* Classic.h */ = {isa = PBXFileReference; fileEncoding = 4; lastKnownFileType = sourcecode.c.h; path = Classic.h; sourceTree = "<group>"; };
		8F73A7841A9EFFCB00B38565 /* Major.cpp */ = {isa = PBXFileReference; fileEncoding = 4; lastKnownFileType = sourcecode.cpp.cpp; path = Major.cpp; sourceTree = "<group>"; };
		8F73A7851A9EFFCB00B38565 /* Major.h */ = {isa = PBXFileReference; fileEncoding = 4; lastKnownFileType = sourcecode.c.h; path = Major.h; sourceTree = "<group>"; };
		8F73A7861A9EFFCB00B38565 /* Modules.h */ = {isa = PBXFileReference; fileEncoding = 4; lastKnownFileType = sourcecode.c.h; path = Modules.h; sourceTree = "<group>"; };
		8F73A7891A9EFFCB00B38565 /* KiwiObjects.h */ = {isa = PBXFileReference; fileEncoding = 4; lastKnownFileType = sourcecode.c.h; path = KiwiObjects.h; sourceTree = "<group>"; };
		8F73A7A91A9EFFCB00B38565 /* KiwiConsole.cpp */ = {isa = PBXFileReference; fileEncoding = 4; lastKnownFileType = sourcecode.cpp.cpp; path = KiwiConsole.cpp; sourceTree = "<group>"; };
		8F73A7AA1A9EFFCB00B38565 /* KiwiConsole.h */ = {isa = PBXFileReference; fileEncoding = 4; lastKnownFileType = sourcecode.c.h; path = KiwiConsole.h; sourceTree = "<group>"; };
		8F73A7AB1A9EFFCB00B38565 /* KiwiInstance.cpp */ = {isa = PBXFileReference; fileEncoding = 4; lastKnownFileType = sourcecode.cpp.cpp; path = KiwiInstance.cpp; sourceTree = "<group>"; };
		8F73A7AC1A9EFFCB00B38565 /* KiwiInstance.h */ = {isa = PBXFileReference; fileEncoding = 4; lastKnownFileType = sourcecode.c.h; path = KiwiInstance.h; sourceTree = "<group>"; };
		8F73A7AD1A9EFFCB00B38565 /* KiwiObject.cpp */ = {isa = PBXFileReference; fileEncoding = 4; lastKnownFileType = sourcecode.cpp.cpp; path = KiwiObject.cpp; sourceTree = "<group>"; };
		8F73A7AE1A9EFFCB00B38565 /* KiwiObject.h */ = {isa = PBXFileReference; fileEncoding = 4; lastKnownFileType = sourcecode.c.h; path = KiwiObject.h; sourceTree = "<group>"; };
		8F73A7AF1A9EFFCB00B38565 /* KiwiPatch.cpp */ = {isa = PBXFileReference; fileEncoding = 4; lastKnownFileType = sourcecode.cpp.cpp; path = KiwiPatch.cpp; sourceTree = "<group>"; };
		8F73A7B01A9EFFCB00B38565 /* KiwiPatch.h */ = {isa = PBXFileReference; fileEncoding = 4; lastKnownFileType = sourcecode.c.h; path = KiwiPatch.h; sourceTree = "<group>"; };
		8F73A7E81A9F01D200B38565 /* KiwiPatcher.h */ = {isa = PBXFileReference; fileEncoding = 4; lastKnownFileType = sourcecode.c.h; path = KiwiPatcher.h; sourceTree = "<group>"; };
		8F73A7E91A9F023700B38565 /* KiwiLink.cpp */ = {isa = PBXFileReference; fileEncoding = 4; lastKnownFileType = sourcecode.cpp.cpp; path = KiwiLink.cpp; sourceTree = "<group>"; };
		8F73A7EA1A9F023700B38565 /* KiwiLink.h */ = {isa = PBXFileReference; fileEncoding = 4; lastKnownFileType = sourcecode.c.h; path = KiwiLink.h; sourceTree = "<group>"; };
		8F73A7EC1A9F067E00B38565 /* libportaudio.a */ = {isa = PBXFileReference; lastKnownFileType = archive.ar; name = libportaudio.a; path = ../ThirdParty/PortAudio/lib/.libs/libportaudio.a; sourceTree = "<group>"; };
		8F73A7FC1A9F105800B38565 /* KiwiDspGenerator.cpp */ = {isa = PBXFileReference; fileEncoding = 4; lastKnownFileType = sourcecode.cpp.cpp; path = KiwiDspGenerator.cpp; sourceTree = "<group>"; };
		8F73A7FD1A9F105800B38565 /* KiwiDspGenerator.h */ = {isa = PBXFileReference; fileEncoding = 4; lastKnownFileType = sourcecode.c.h; path = KiwiDspGenerator.h; sourceTree = "<group>"; };
		8F73A7FE1A9F105800B38565 /* KiwiDspIo.cpp */ = {isa = PBXFileReference; fileEncoding = 4; lastKnownFileType = sourcecode.cpp.cpp; path = KiwiDspIo.cpp; sourceTree = "<group>"; };
		8F73A7FF1A9F105800B38565 /* KiwiDspIo.h */ = {isa = PBXFileReference; fileEncoding = 4; lastKnownFileType = sourcecode.c.h; path = KiwiDspIo.h; sourceTree = "<group>"; };
		8F73A8001A9F105800B38565 /* KiwiDspMath.cpp */ = {isa = PBXFileReference; fileEncoding = 4; lastKnownFileType = sourcecode.cpp.cpp; path = KiwiDspMath.cpp; sourceTree = "<group>"; };
		8F73A8011A9F105800B38565 /* KiwiDspMath.h */ = {isa = PBXFileReference; fileEncoding = 4; lastKnownFileType = sourcecode.c.h; path = KiwiDspMath.h; sourceTree = "<group>"; };
		8F73A8021A9F105800B38565 /* KiwiDspModules.h */ = {isa = PBXFileReference; fileEncoding = 4; lastKnownFileType = sourcecode.c.h; path = KiwiDspModules.h; sourceTree = "<group>"; };
		8F73A80C1A9F109E00B38565 /* KiwiDspChain.cpp */ = {isa = PBXFileReference; fileEncoding = 4; lastKnownFileType = sourcecode.cpp.cpp; path = KiwiDspChain.cpp; sourceTree = "<group>"; };
		8F73A80D1A9F109E00B38565 /* KiwiDspChain.h */ = {isa = PBXFileReference; fileEncoding = 4; lastKnownFileType = sourcecode.c.h; path = KiwiDspChain.h; sourceTree = "<group>"; };
		8F73A80E1A9F109E00B38565 /* KiwiDspContext.cpp */ = {isa = PBXFileReference; fileEncoding = 4; lastKnownFileType = sourcecode.cpp.cpp; path = KiwiDspContext.cpp; sourceTree = "<group>"; };
		8F73A80F1A9F109E00B38565 /* KiwiDspContext.h */ = {isa = PBXFileReference; fileEncoding = 4; lastKnownFileType = sourcecode.c.h; path = KiwiDspContext.h; sourceTree = "<group>"; };
		8F73A8101A9F109E00B38565 /* KiwiDspDevice.cpp */ = {isa = PBXFileReference; fileEncoding = 4; lastKnownFileType = sourcecode.cpp.cpp; path = KiwiDspDevice.cpp; sourceTree = "<group>"; };
		8F73A8111A9F109E00B38565 /* KiwiDspDevice.h */ = {isa = PBXFileReference; fileEncoding = 4; lastKnownFileType = sourcecode.c.h; path = KiwiDspDevice.h; sourceTree = "<group>"; };
		8F73A8121A9F109E00B38565 /* KiwiDspError.h */ = {isa = PBXFileReference; fileEncoding = 4; lastKnownFileType = sourcecode.c.h; path = KiwiDspError.h; sourceTree = "<group>"; };
		8F73A8131A9F109E00B38565 /* KiwiDspIoput.cpp */ = {isa = PBXFileReference; fileEncoding = 4; lastKnownFileType = sourcecode.cpp.cpp; path = KiwiDspIoput.cpp; sourceTree = "<group>"; };
		8F73A8141A9F109E00B38565 /* KiwiDspIoput.h */ = {isa = PBXFileReference; fileEncoding = 4; lastKnownFileType = sourcecode.c.h; path = KiwiDspIoput.h; sourceTree = "<group>"; };
		8F73A8151A9F109E00B38565 /* KiwiDspModels.h */ = {isa = PBXFileReference; fileEncoding = 4; lastKnownFileType = sourcecode.c.h; path = KiwiDspModels.h; sourceTree = "<group>"; };
		8F73A8161A9F109E00B38565 /* KiwiDspNode.cpp */ = {isa = PBXFileReference; fileEncoding = 4; lastKnownFileType = sourcecode.cpp.cpp; path = KiwiDspNode.cpp; sourceTree = "<group>"; };
		8F73A8171A9F109E00B38565 /* KiwiDspNode.h */ = {isa = PBXFileReference; fileEncoding = 4; lastKnownFileType = sourcecode.c.h; path = KiwiDspNode.h; sourceTree = "<group>"; };
		8F73A8181A9F109E00B38565 /* KiwiDspSignal.h */ = {isa = PBXFileReference; fileEncoding = 4; lastKnownFileType = sourcecode.c.h; path = KiwiDspSignal.h; sourceTree = "<group>"; };
		8FA92C271A9F12A5006BAFC5 /* KiwiDspPortAudio.cpp */ = {isa = PBXFileReference; fileEncoding = 4; lastKnownFileType = sourcecode.cpp.cpp; path = KiwiDspPortAudio.cpp; sourceTree = "<group>"; };
		8FA92C281A9F12A5006BAFC5 /* KiwiDspPortAudio.h */ = {isa = PBXFileReference; fileEncoding = 4; lastKnownFileType = sourcecode.c.h; path = KiwiDspPortAudio.h; sourceTree = "<group>"; };
		8FA92C2D1A9F29EB006BAFC5 /* KiwiDspJuce.cpp */ = {isa = PBXFileReference; fileEncoding = 4; lastKnownFileType = sourcecode.cpp.cpp; path = KiwiDspJuce.cpp; sourceTree = "<group>"; };
		8FA92C2E1A9F29EB006BAFC5 /* KiwiDspJuce.h */ = {isa = PBXFileReference; fileEncoding = 4; lastKnownFileType = sourcecode.c.h; path = KiwiDspJuce.h; sourceTree = "<group>"; };
		8FA92C351A9F2AED006BAFC5 /* KiwiObjectsDsp.h */ = {isa = PBXFileReference; fileEncoding = 4; lastKnownFileType = sourcecode.c.h; path = KiwiObjectsDsp.h; sourceTree = "<group>"; };
		8FA92C361A9F2AED006BAFC5 /* KiwiObjectsDspGenerator.cpp */ = {isa = PBXFileReference; fileEncoding = 4; lastKnownFileType = sourcecode.cpp.cpp; path = KiwiObjectsDspGenerator.cpp; sourceTree = "<group>"; };
		8FA92C371A9F2AED006BAFC5 /* KiwiObjectsDspGenerator.h */ = {isa = PBXFileReference; fileEncoding = 4; lastKnownFileType = sourcecode.c.h; path = KiwiObjectsDspGenerator.h; sourceTree = "<group>"; };
		8FA92C381A9F2AED006BAFC5 /* KiwiObjectsDspIo.cpp */ = {isa = PBXFileReference; fileEncoding = 4; lastKnownFileType = sourcecode.cpp.cpp; path = KiwiObjectsDspIo.cpp; sourceTree = "<group>"; };
		8FA92C391A9F2AED006BAFC5 /* KiwiObjectsDspIo.h */ = {isa = PBXFileReference; fileEncoding = 4; lastKnownFileType = sourcecode.c.h; path = KiwiObjectsDspIo.h; sourceTree = "<group>"; };
		8FA92C3B1A9F2AED006BAFC5 /* KiwiObjectsGuiClassic.cpp */ = {isa = PBXFileReference; fileEncoding = 4; lastKnownFileType = sourcecode.cpp.cpp; path = KiwiObjectsGuiClassic.cpp; sourceTree = "<group>"; };
		8FA92C3C1A9F2AED006BAFC5 /* KiwiObjectsGuiClassic.h */ = {isa = PBXFileReference; fileEncoding = 4; lastKnownFileType = sourcecode.c.h; path = KiwiObjectsGuiClassic.h; sourceTree = "<group>"; };
		8FA92C3D1A9F2AED006BAFC5 /* KiwiObjectsGui.h */ = {isa = PBXFileReference; fileEncoding = 4; lastKnownFileType = sourcecode.c.h; path = KiwiObjectsGui.h; sourceTree = "<group>"; };
		8FA92C431A9F2C76006BAFC5 /* KiwiObjectsBasic.h */ = {isa = PBXFileReference; fileEncoding = 4; lastKnownFileType = sourcecode.c.h; path = KiwiObjectsBasic.h; sourceTree = "<group>"; };
		8FA92C441A9F2C76006BAFC5 /* KiwiObjectsBasicDefault.cpp */ = {isa = PBXFileReference; fileEncoding = 4; lastKnownFileType = sourcecode.cpp.cpp; path = KiwiObjectsBasicDefault.cpp; sourceTree = "<group>"; };
		8FA92C451A9F2C76006BAFC5 /* KiwiObjectsBasicDefault.h */ = {isa = PBXFileReference; fileEncoding = 4; lastKnownFileType = sourcecode.c.h; path = KiwiObjectsBasicDefault.h; sourceTree = "<group>"; };
		8FA92C471A9F2DC3006BAFC5 /* KiwiModules.h */ = {isa = PBXFileReference; fileEncoding = 4; lastKnownFileType = sourcecode.c.h; path = KiwiModules.h; sourceTree = "<group>"; };
		8FA92C481A9F2E12006BAFC5 /* KiwiWrapper.h */ = {isa = PBXFileReference; fileEncoding = 4; lastKnownFileType = sourcecode.c.h; path = KiwiWrapper.h; sourceTree = "<group>"; };
		8FD469681A9F646C00EC3487 /* main.cpp */ = {isa = PBXFileReference; fileEncoding = 4; lastKnownFileType = sourcecode.cpp.cpp; path = main.cpp; sourceTree = "<group>"; };
/* End PBXFileReference section */

/* Begin PBXFrameworksBuildPhase section */
		8F41B45E1A7E3C640067E122 /* Frameworks */ = {
			isa = PBXFrameworksBuildPhase;
			buildActionMask = 2147483647;
			files = (
				8F19E7601A97301A003CE222 /* CoreAudioKit.framework in Frameworks */,
				8F19E75C1A973003003CE222 /* AudioToolbox.framework in Frameworks */,
				8F19E75D1A973003003CE222 /* AudioUnit.framework in Frameworks */,
				8F73A7ED1A9F067E00B38565 /* libportaudio.a in Frameworks */,
				8F19E75E1A973003003CE222 /* CoreAudio.framework in Frameworks */,
				8F19E7581A972FF8003CE222 /* Carbon.framework in Frameworks */,
				8F41B50C1A7E3C990067E122 /* Accelerate.framework in Frameworks */,
			);
			runOnlyForDeploymentPostprocessing = 0;
		};
/* End PBXFrameworksBuildPhase section */

/* Begin PBXGroup section */
		8F41B4581A7E3C640067E122 = {
			isa = PBXGroup;
			children = (
				8F73A7EC1A9F067E00B38565 /* libportaudio.a */,
				8F19E75F1A97301A003CE222 /* CoreAudioKit.framework */,
				8F19E7591A973003003CE222 /* AudioToolbox.framework */,
				8F19E75A1A973003003CE222 /* AudioUnit.framework */,
				8F19E75B1A973003003CE222 /* CoreAudio.framework */,
				8F19E7571A972FF8003CE222 /* Carbon.framework */,
				8F41B50B1A7E3C990067E122 /* Accelerate.framework */,
				8FD469671A9F646C00EC3487 /* Sources */,
				8F41B4621A7E3C640067E122 /* Products */,
			);
			sourceTree = "<group>";
		};
		8F41B4621A7E3C640067E122 /* Products */ = {
			isa = PBXGroup;
			children = (
				8F41B4611A7E3C640067E122 /* ExPatcherPA */,
			);
			name = Products;
			sourceTree = "<group>";
		};
		8F56AD8D1AA30148001BB103 /* KiwiGraphics */ = {
			isa = PBXGroup;
			children = (
				8F56AD8E1AA30148001BB103 /* KiwiColor.cpp */,
				8F56AD8F1AA30148001BB103 /* KiwiColor.h */,
				8F56AD901AA30148001BB103 /* KiwiFont.cpp */,
				8F56AD911AA30148001BB103 /* KiwiFont.h */,
				8F56AD921AA30148001BB103 /* KiwiGraphics.h */,
				8F56AD931AA30148001BB103 /* KiwiPath.cpp */,
				8F56AD941AA30148001BB103 /* KiwiPath.h */,
				8F56AD951AA30148001BB103 /* KiwiPoint.cpp */,
				8F56AD961AA30148001BB103 /* KiwiPoint.h */,
				8F56AD971AA30148001BB103 /* KiwiRectangle.cpp */,
				8F56AD981AA30148001BB103 /* KiwiRectangle.h */,
			);
			path = KiwiGraphics;
			sourceTree = "<group>";
		};
		8F73A7281A9EFFCA00B38565 /* KiwiModules */ = {
			isa = PBXGroup;
			children = (
				8FA92C471A9F2DC3006BAFC5 /* KiwiModules.h */,
				8F73A72A1A9EFFCA00B38565 /* KiwiCore */,
				8F73A7381A9EFFCA00B38565 /* KiwiDsp */,
				8F73A7561A9EFFCA00B38565 /* KiwiGui */,
				8F73A7881A9EFFCB00B38565 /* KiwiObjects */,
				8F73A7A61A9EFFCB00B38565 /* KiwiPatcher */,
				8FA92C241A9F12A5006BAFC5 /* KiwiWrapper */,
			);
			name = KiwiModules;
			path = ../../KiwiModules;
			sourceTree = "<group>";
		};
		8F73A72A1A9EFFCA00B38565 /* KiwiCore */ = {
			isa = PBXGroup;
			children = (
				8F73A7321A9EFFCA00B38565 /* KiwiCore.h */,
				8F73A7371A9EFFCA00B38565 /* KiwiTools.h */,
				8F73A72C1A9EFFCA00B38565 /* KiwiAtom.cpp */,
				8F73A72D1A9EFFCA00B38565 /* KiwiAtom.h */,
				8F73A7351A9EFFCA00B38565 /* KiwiTag.cpp */,
				8F73A7361A9EFFCA00B38565 /* KiwiTag.h */,
				8F73A72E1A9EFFCA00B38565 /* KiwiBeacon.cpp */,
				8F73A72F1A9EFFCA00B38565 /* KiwiBeacon.h */,
				8F73A7301A9EFFCA00B38565 /* KiwiClock.cpp */,
				8F73A7311A9EFFCA00B38565 /* KiwiClock.h */,
			);
			path = KiwiCore;
			sourceTree = "<group>";
		};
		8F73A7381A9EFFCA00B38565 /* KiwiDsp */ = {
			isa = PBXGroup;
			children = (
				8F73A7471A9EFFCA00B38565 /* KiwiDsp.h */,
				8F73A80B1A9F109E00B38565 /* KiwiDspModels */,
				8F73A7FB1A9F105700B38565 /* KiwiDspModules */,
			);
			path = KiwiDsp;
			sourceTree = "<group>";
		};
		8F73A7561A9EFFCA00B38565 /* KiwiGui */ = {
			isa = PBXGroup;
			children = (
				8F73A7751A9EFFCB00B38565 /* KiwiGui.h */,
				8F56AD8D1AA30148001BB103 /* KiwiGraphics */,
				8F73A7591A9EFFCA00B38565 /* Attributes */,
				8F73A7771A9EFFCB00B38565 /* Models */,
				8F73A7811A9EFFCB00B38565 /* Modules */,
			);
			path = KiwiGui;
			sourceTree = "<group>";
		};
		8F73A7591A9EFFCA00B38565 /* Attributes */ = {
			isa = PBXGroup;
			children = (
				8F73A75A1A9EFFCA00B38565 /* Attribute.cpp */,
				8F73A75B1A9EFFCA00B38565 /* Attribute.h */,
				8F73A75C1A9EFFCA00B38565 /* Attributes.h */,
				8F73A75D1A9EFFCA00B38565 /* Default.cpp */,
				8F73A75E1A9EFFCA00B38565 /* Default.h */,
				8F73A75F1A9EFFCA00B38565 /* Graphic.cpp */,
				8F73A7601A9EFFCA00B38565 /* Graphic.h */,
			);
			path = Attributes;
			sourceTree = "<group>";
		};
		8F73A7771A9EFFCB00B38565 /* Models */ = {
			isa = PBXGroup;
			children = (
				8F73A77A1A9EFFCB00B38565 /* Models.h */,
				8F73A77D1A9EFFCB00B38565 /* Sketcher.cpp */,
				8F73A77E1A9EFFCB00B38565 /* Sketcher.h */,
				8F73A7781A9EFFCB00B38565 /* Keyboarder.cpp */,
				8F73A7791A9EFFCB00B38565 /* Keyboarder.h */,
				8F73A77B1A9EFFCB00B38565 /* Mouser.cpp */,
				8F73A77C1A9EFFCB00B38565 /* Mouser.h */,
				8F73A77F1A9EFFCB00B38565 /* Writer.cpp */,
				8F73A7801A9EFFCB00B38565 /* Writer.h */,
			);
			path = Models;
			sourceTree = "<group>";
		};
		8F73A7811A9EFFCB00B38565 /* Modules */ = {
			isa = PBXGroup;
			children = (
				8F73A7821A9EFFCB00B38565 /* Classic.cpp */,
				8F73A7831A9EFFCB00B38565 /* Classic.h */,
				8F73A7841A9EFFCB00B38565 /* Major.cpp */,
				8F73A7851A9EFFCB00B38565 /* Major.h */,
				8F73A7861A9EFFCB00B38565 /* Modules.h */,
			);
			path = Modules;
			sourceTree = "<group>";
		};
		8F73A7881A9EFFCB00B38565 /* KiwiObjects */ = {
			isa = PBXGroup;
			children = (
				8F73A7891A9EFFCB00B38565 /* KiwiObjects.h */,
				8FA92C421A9F2C76006BAFC5 /* KiwiObjectsBasic */,
				8FA92C341A9F2AED006BAFC5 /* KiwiObjectsDsp */,
				8FA92C3A1A9F2AED006BAFC5 /* KiwiObjectsGui */,
			);
			path = KiwiObjects;
			sourceTree = "<group>";
		};
		8F73A7A61A9EFFCB00B38565 /* KiwiPatcher */ = {
			isa = PBXGroup;
			children = (
				8F73A7E81A9F01D200B38565 /* KiwiPatcher.h */,
				8F73A7AD1A9EFFCB00B38565 /* KiwiObject.cpp */,
				8F73A7AE1A9EFFCB00B38565 /* KiwiObject.h */,
				8F73A7E91A9F023700B38565 /* KiwiLink.cpp */,
				8F73A7EA1A9F023700B38565 /* KiwiLink.h */,
				8F73A7AF1A9EFFCB00B38565 /* KiwiPatch.cpp */,
				8F73A7B01A9EFFCB00B38565 /* KiwiPatch.h */,
				8F73A7AB1A9EFFCB00B38565 /* KiwiInstance.cpp */,
				8F73A7AC1A9EFFCB00B38565 /* KiwiInstance.h */,
				8F73A7A91A9EFFCB00B38565 /* KiwiConsole.cpp */,
				8F73A7AA1A9EFFCB00B38565 /* KiwiConsole.h */,
			);
			path = KiwiPatcher;
			sourceTree = "<group>";
		};
		8F73A7FB1A9F105700B38565 /* KiwiDspModules */ = {
			isa = PBXGroup;
			children = (
				8F73A8021A9F105800B38565 /* KiwiDspModules.h */,
				8F73A7FC1A9F105800B38565 /* KiwiDspGenerator.cpp */,
				8F73A7FD1A9F105800B38565 /* KiwiDspGenerator.h */,
				8F73A7FE1A9F105800B38565 /* KiwiDspIo.cpp */,
				8F73A7FF1A9F105800B38565 /* KiwiDspIo.h */,
				8F73A8001A9F105800B38565 /* KiwiDspMath.cpp */,
				8F73A8011A9F105800B38565 /* KiwiDspMath.h */,
			);
			path = KiwiDspModules;
			sourceTree = "<group>";
		};
		8F73A80B1A9F109E00B38565 /* KiwiDspModels */ = {
			isa = PBXGroup;
			children = (
				8F73A8151A9F109E00B38565 /* KiwiDspModels.h */,
				8F73A8181A9F109E00B38565 /* KiwiDspSignal.h */,
				8F73A8121A9F109E00B38565 /* KiwiDspError.h */,
				8F73A8131A9F109E00B38565 /* KiwiDspIoput.cpp */,
				8F73A8141A9F109E00B38565 /* KiwiDspIoput.h */,
				8F73A8161A9F109E00B38565 /* KiwiDspNode.cpp */,
				8F73A8171A9F109E00B38565 /* KiwiDspNode.h */,
				8F73A80C1A9F109E00B38565 /* KiwiDspChain.cpp */,
				8F73A80D1A9F109E00B38565 /* KiwiDspChain.h */,
				8F73A80E1A9F109E00B38565 /* KiwiDspContext.cpp */,
				8F73A80F1A9F109E00B38565 /* KiwiDspContext.h */,
				8F73A8101A9F109E00B38565 /* KiwiDspDevice.cpp */,
				8F73A8111A9F109E00B38565 /* KiwiDspDevice.h */,
			);
			path = KiwiDspModels;
			sourceTree = "<group>";
		};
		8FA92C241A9F12A5006BAFC5 /* KiwiWrapper */ = {
			isa = PBXGroup;
			children = (
				8FA92C481A9F2E12006BAFC5 /* KiwiWrapper.h */,
				8FA92C2D1A9F29EB006BAFC5 /* KiwiDspJuce.cpp */,
				8FA92C2E1A9F29EB006BAFC5 /* KiwiDspJuce.h */,
				8FA92C271A9F12A5006BAFC5 /* KiwiDspPortAudio.cpp */,
				8FA92C281A9F12A5006BAFC5 /* KiwiDspPortAudio.h */,
			);
			path = KiwiWrapper;
			sourceTree = "<group>";
		};
		8FA92C341A9F2AED006BAFC5 /* KiwiObjectsDsp */ = {
			isa = PBXGroup;
			children = (
				8FA92C351A9F2AED006BAFC5 /* KiwiObjectsDsp.h */,
				8FA92C361A9F2AED006BAFC5 /* KiwiObjectsDspGenerator.cpp */,
				8FA92C371A9F2AED006BAFC5 /* KiwiObjectsDspGenerator.h */,
				8FA92C381A9F2AED006BAFC5 /* KiwiObjectsDspIo.cpp */,
				8FA92C391A9F2AED006BAFC5 /* KiwiObjectsDspIo.h */,
			);
			path = KiwiObjectsDsp;
			sourceTree = "<group>";
		};
		8FA92C3A1A9F2AED006BAFC5 /* KiwiObjectsGui */ = {
			isa = PBXGroup;
			children = (
				8FA92C3D1A9F2AED006BAFC5 /* KiwiObjectsGui.h */,
				8FA92C3B1A9F2AED006BAFC5 /* KiwiObjectsGuiClassic.cpp */,
				8FA92C3C1A9F2AED006BAFC5 /* KiwiObjectsGuiClassic.h */,
			);
			path = KiwiObjectsGui;
			sourceTree = "<group>";
		};
		8FA92C421A9F2C76006BAFC5 /* KiwiObjectsBasic */ = {
			isa = PBXGroup;
			children = (
				8FA92C431A9F2C76006BAFC5 /* KiwiObjectsBasic.h */,
				8FA92C441A9F2C76006BAFC5 /* KiwiObjectsBasicDefault.cpp */,
				8FA92C451A9F2C76006BAFC5 /* KiwiObjectsBasicDefault.h */,
			);
			path = KiwiObjectsBasic;
			sourceTree = "<group>";
		};
		8FD469671A9F646C00EC3487 /* Sources */ = {
			isa = PBXGroup;
			children = (
				8FD469681A9F646C00EC3487 /* main.cpp */,
				8F73A7281A9EFFCA00B38565 /* KiwiModules */,
			);
			path = Sources;
			sourceTree = "<group>";
		};
/* End PBXGroup section */

/* Begin PBXNativeTarget section */
		8F41B4601A7E3C640067E122 /* ExPatcherPA */ = {
			isa = PBXNativeTarget;
			buildConfigurationList = 8F41B4681A7E3C640067E122 /* Build configuration list for PBXNativeTarget "ExPatcherPA" */;
			buildPhases = (
				8F41B45D1A7E3C640067E122 /* Sources */,
				8F41B45E1A7E3C640067E122 /* Frameworks */,
				8F41B45F1A7E3C640067E122 /* CopyFiles */,
			);
			buildRules = (
			);
			dependencies = (
			);
			name = ExPatcherPA;
			productName = example;
			productReference = 8F41B4611A7E3C640067E122 /* ExPatcherPA */;
			productType = "com.apple.product-type.tool";
		};
/* End PBXNativeTarget section */

/* Begin PBXProject section */
		8F41B4591A7E3C640067E122 /* Project object */ = {
			isa = PBXProject;
			attributes = {
				LastUpgradeCheck = 0610;
				ORGANIZATIONNAME = Kiwi;
				TargetAttributes = {
					8F41B4601A7E3C640067E122 = {
						CreatedOnToolsVersion = 6.1.1;
					};
				};
			};
			buildConfigurationList = 8F41B45C1A7E3C640067E122 /* Build configuration list for PBXProject "ExPatcherPA" */;
			compatibilityVersion = "Xcode 3.2";
			developmentRegion = English;
			hasScannedForEncodings = 0;
			knownRegions = (
				en,
			);
			mainGroup = 8F41B4581A7E3C640067E122;
			productRefGroup = 8F41B4621A7E3C640067E122 /* Products */;
			projectDirPath = "";
			projectRoot = "";
			targets = (
				8F41B4601A7E3C640067E122 /* ExPatcherPA */,
			);
		};
/* End PBXProject section */

/* Begin PBXSourcesBuildPhase section */
		8F41B45D1A7E3C640067E122 /* Sources */ = {
			isa = PBXSourcesBuildPhase;
			buildActionMask = 2147483647;
			files = (
				8FA92C411A9F2AED006BAFC5 /* KiwiObjectsGuiClassic.cpp in Sources */,
				8F73A7B71A9EFFCB00B38565 /* KiwiTag.cpp in Sources */,
				8F73A7D21A9EFFCB00B38565 /* Major.cpp in Sources */,
				8F73A7E11A9EFFCB00B38565 /* KiwiObject.cpp in Sources */,
				8F56AD9A1AA30148001BB103 /* KiwiFont.cpp in Sources */,
				8F73A7DF1A9EFFCB00B38565 /* KiwiConsole.cpp in Sources */,
				8F56AD991AA30148001BB103 /* KiwiColor.cpp in Sources */,
				8F73A81C1A9F109E00B38565 /* KiwiDspIoput.cpp in Sources */,
				8FA92C401A9F2AED006BAFC5 /* KiwiObjectsDspIo.cpp in Sources */,
				8F73A80A1A9F105800B38565 /* KiwiDspMath.cpp in Sources */,
				8F56AD9B1AA30148001BB103 /* KiwiPath.cpp in Sources */,
				8FA92C2F1A9F29EB006BAFC5 /* KiwiDspJuce.cpp in Sources */,
				8F56AD9C1AA30148001BB103 /* KiwiPoint.cpp in Sources */,
				8F56AD9D1AA30148001BB103 /* KiwiRectangle.cpp in Sources */,
				8FA92C461A9F2C76006BAFC5 /* KiwiObjectsBasicDefault.cpp in Sources */,
				8F73A8091A9F105800B38565 /* KiwiDspIo.cpp in Sources */,
				8F73A7B31A9EFFCB00B38565 /* KiwiAtom.cpp in Sources */,
				8F73A8081A9F105800B38565 /* KiwiDspGenerator.cpp in Sources */,
				8F73A7B41A9EFFCB00B38565 /* KiwiBeacon.cpp in Sources */,
				8F73A7EB1A9F023700B38565 /* KiwiLink.cpp in Sources */,
				8F73A81D1A9F109E00B38565 /* KiwiDspNode.cpp in Sources */,
				8F73A7D01A9EFFCB00B38565 /* Writer.cpp in Sources */,
				8F73A81A1A9F109E00B38565 /* KiwiDspContext.cpp in Sources */,
				8F73A7C41A9EFFCB00B38565 /* Default.cpp in Sources */,
				8F73A7E21A9EFFCB00B38565 /* KiwiPatch.cpp in Sources */,
				8F73A81B1A9F109E00B38565 /* KiwiDspDevice.cpp in Sources */,
				8F73A7C31A9EFFCB00B38565 /* Attribute.cpp in Sources */,
				8FA92C2B1A9F12A5006BAFC5 /* KiwiDspPortAudio.cpp in Sources */,
				8F73A7CD1A9EFFCB00B38565 /* Keyboarder.cpp in Sources */,
				8F73A7B51A9EFFCB00B38565 /* KiwiClock.cpp in Sources */,
				8F73A7CE1A9EFFCB00B38565 /* Mouser.cpp in Sources */,
				8F73A7C51A9EFFCB00B38565 /* Graphic.cpp in Sources */,
				8F73A8191A9F109E00B38565 /* KiwiDspChain.cpp in Sources */,
				8F73A7CF1A9EFFCB00B38565 /* Sketcher.cpp in Sources */,
				8FA92C3F1A9F2AED006BAFC5 /* KiwiObjectsDspGenerator.cpp in Sources */,
				8F73A7E01A9EFFCB00B38565 /* KiwiInstance.cpp in Sources */,
				8FD469691A9F646C00EC3487 /* main.cpp in Sources */,
				8F73A7D11A9EFFCB00B38565 /* Classic.cpp in Sources */,
			);
			runOnlyForDeploymentPostprocessing = 0;
		};
/* End PBXSourcesBuildPhase section */

/* Begin XCBuildConfiguration section */
		8F41B4661A7E3C640067E122 /* Debug */ = {
			isa = XCBuildConfiguration;
			buildSettings = {
				ALWAYS_SEARCH_USER_PATHS = NO;
				CLANG_CXX_LANGUAGE_STANDARD = "gnu++0x";
				CLANG_CXX_LIBRARY = "libc++";
				CLANG_ENABLE_MODULES = YES;
				CLANG_ENABLE_OBJC_ARC = YES;
				CLANG_WARN_BOOL_CONVERSION = YES;
				CLANG_WARN_CONSTANT_CONVERSION = YES;
				CLANG_WARN_DIRECT_OBJC_ISA_USAGE = YES_ERROR;
				CLANG_WARN_EMPTY_BODY = YES;
				CLANG_WARN_ENUM_CONVERSION = YES;
				CLANG_WARN_INT_CONVERSION = YES;
				CLANG_WARN_OBJC_ROOT_CLASS = YES_ERROR;
				CLANG_WARN_UNREACHABLE_CODE = YES;
				CLANG_WARN__DUPLICATE_METHOD_MATCH = YES;
				COPY_PHASE_STRIP = NO;
				ENABLE_STRICT_OBJC_MSGSEND = YES;
				GCC_C_LANGUAGE_STANDARD = gnu99;
				GCC_DYNAMIC_NO_PIC = NO;
				GCC_OPTIMIZATION_LEVEL = 0;
				GCC_PREPROCESSOR_DEFINITIONS = (
					"DEBUG=1",
					"$(inherited)",
				);
				GCC_SYMBOLS_PRIVATE_EXTERN = NO;
				GCC_WARN_64_TO_32_BIT_CONVERSION = YES;
				GCC_WARN_ABOUT_RETURN_TYPE = YES_ERROR;
				GCC_WARN_UNDECLARED_SELECTOR = YES;
				GCC_WARN_UNINITIALIZED_AUTOS = YES_AGGRESSIVE;
				GCC_WARN_UNUSED_FUNCTION = YES;
				GCC_WARN_UNUSED_VARIABLE = YES;
				MACOSX_DEPLOYMENT_TARGET = 10.10;
				MTL_ENABLE_DEBUG_INFO = YES;
				ONLY_ACTIVE_ARCH = YES;
				SDKROOT = macosx;
			};
			name = Debug;
		};
		8F41B4671A7E3C640067E122 /* Release */ = {
			isa = XCBuildConfiguration;
			buildSettings = {
				ALWAYS_SEARCH_USER_PATHS = NO;
				CLANG_CXX_LANGUAGE_STANDARD = "gnu++0x";
				CLANG_CXX_LIBRARY = "libc++";
				CLANG_ENABLE_MODULES = YES;
				CLANG_ENABLE_OBJC_ARC = YES;
				CLANG_WARN_BOOL_CONVERSION = YES;
				CLANG_WARN_CONSTANT_CONVERSION = YES;
				CLANG_WARN_DIRECT_OBJC_ISA_USAGE = YES_ERROR;
				CLANG_WARN_EMPTY_BODY = YES;
				CLANG_WARN_ENUM_CONVERSION = YES;
				CLANG_WARN_INT_CONVERSION = YES;
				CLANG_WARN_OBJC_ROOT_CLASS = YES_ERROR;
				CLANG_WARN_UNREACHABLE_CODE = YES;
				CLANG_WARN__DUPLICATE_METHOD_MATCH = YES;
				COPY_PHASE_STRIP = YES;
				DEBUG_INFORMATION_FORMAT = "dwarf-with-dsym";
				ENABLE_NS_ASSERTIONS = NO;
				ENABLE_STRICT_OBJC_MSGSEND = YES;
				GCC_C_LANGUAGE_STANDARD = gnu99;
				GCC_WARN_64_TO_32_BIT_CONVERSION = YES;
				GCC_WARN_ABOUT_RETURN_TYPE = YES_ERROR;
				GCC_WARN_UNDECLARED_SELECTOR = YES;
				GCC_WARN_UNINITIALIZED_AUTOS = YES_AGGRESSIVE;
				GCC_WARN_UNUSED_FUNCTION = YES;
				GCC_WARN_UNUSED_VARIABLE = YES;
				MACOSX_DEPLOYMENT_TARGET = 10.10;
				MTL_ENABLE_DEBUG_INFO = NO;
				SDKROOT = macosx;
			};
			name = Release;
		};
		8F41B4691A7E3C640067E122 /* Debug */ = {
			isa = XCBuildConfiguration;
			buildSettings = {
				ALWAYS_SEARCH_USER_PATHS = NO;
				DEPLOYMENT_LOCATION = NO;
				EXECUTABLE_EXTENSION = "";
				GCC_PREPROCESSOR_DEFINITIONS = (
					"DEBUG=1",
					"$(inherited)",
					"__KIWI_VERBOSE__=1",
					"__KIWI_PORTAUDIO_WRAPPER__=1",
				);
				HEADER_SEARCH_PATHS = (
					"$(inherited)",
					/Applications/Xcode.app/Contents/Developer/Toolchains/XcodeDefault.xctoolchain/usr/include,
					../ThirdParty/PortAudio/include/,
				);
				INSTALL_PATH = /usr/local/bin;
				LIBRARY_SEARCH_PATHS = (
					"$(inherited)",
					../ThirdParty/PortAudio/lib/.libs,
					/Users/Pierre/GitHub/KiwiExamples/ThirdParty/PortAudio/lib/.libs,
				);
				OTHER_LDFLAGS = "";
				PRODUCT_NAME = ExPatcherPA;
				SYMROOT = build;
				WRAPPER_EXTENSION = "";
			};
			name = Debug;
		};
		8F41B46A1A7E3C640067E122 /* Release */ = {
			isa = XCBuildConfiguration;
			buildSettings = {
				ALWAYS_SEARCH_USER_PATHS = NO;
				DEPLOYMENT_LOCATION = NO;
				EXECUTABLE_EXTENSION = "";
				GCC_PREPROCESSOR_DEFINITIONS = "__KIWI_PORTAUDIO_WRAPPER__=1";
				HEADER_SEARCH_PATHS = (
					"$(inherited)",
					/Applications/Xcode.app/Contents/Developer/Toolchains/XcodeDefault.xctoolchain/usr/include,
					../ThirdParty/PortAudio/include/,
				);
				INSTALL_PATH = /usr/local/bin;
				LIBRARY_SEARCH_PATHS = (
					"$(inherited)",
					../ThirdParty/PortAudio/lib/.libs,
					/Users/Pierre/GitHub/KiwiExamples/ThirdParty/PortAudio/lib/.libs,
				);
				OTHER_LDFLAGS = "";
				PRODUCT_NAME = ExPatcherPA;
				SYMROOT = build;
				WRAPPER_EXTENSION = "";
			};
			name = Release;
		};
/* End XCBuildConfiguration section */

/* Begin XCConfigurationList section */
		8F41B45C1A7E3C640067E122 /* Build configuration list for PBXProject "ExPatcherPA" */ = {
			isa = XCConfigurationList;
			buildConfigurations = (
				8F41B4661A7E3C640067E122 /* Debug */,
				8F41B4671A7E3C640067E122 /* Release */,
			);
			defaultConfigurationIsVisible = 0;
			defaultConfigurationName = Release;
		};
		8F41B4681A7E3C640067E122 /* Build configuration list for PBXNativeTarget "ExPatcherPA" */ = {
			isa = XCConfigurationList;
			buildConfigurations = (
				8F41B4691A7E3C640067E122 /* Debug */,
				8F41B46A1A7E3C640067E122 /* Release */,
			);
			defaultConfigurationIsVisible = 0;
			defaultConfigurationName = Release;
		};
/* End XCConfigurationList section */
	};
	rootObject = 8F41B4591A7E3C640067E122 /* Project object */;
}
