// !$*UTF8*$!
{
	archiveVersion = 1;
	classes = {
	};
	objectVersion = 46;
	objects = {

/* Begin PBXBuildFile section */
		8F19E7581A972FF8003CE222 /* Carbon.framework in Frameworks */ = {isa = PBXBuildFile; fileRef = 8F19E7571A972FF8003CE222 /* Carbon.framework */; };
		8F19E75C1A973003003CE222 /* AudioToolbox.framework in Frameworks */ = {isa = PBXBuildFile; fileRef = 8F19E7591A973003003CE222 /* AudioToolbox.framework */; };
		8F19E75D1A973003003CE222 /* AudioUnit.framework in Frameworks */ = {isa = PBXBuildFile; fileRef = 8F19E75A1A973003003CE222 /* AudioUnit.framework */; };
		8F19E75E1A973003003CE222 /* CoreAudio.framework in Frameworks */ = {isa = PBXBuildFile; fileRef = 8F19E75B1A973003003CE222 /* CoreAudio.framework */; };
		8F19E7601A97301A003CE222 /* CoreAudioKit.framework in Frameworks */ = {isa = PBXBuildFile; fileRef = 8F19E75F1A97301A003CE222 /* CoreAudioKit.framework */; };
		8F41B50C1A7E3C990067E122 /* Accelerate.framework in Frameworks */ = {isa = PBXBuildFile; fileRef = 8F41B50B1A7E3C990067E122 /* Accelerate.framework */; };
		8F73A7271A9EFFC000B38565 /* main.cpp in Sources */ = {isa = PBXBuildFile; fileRef = 8F73A7261A9EFFC000B38565 /* main.cpp */; };
		8F73A7B31A9EFFCB00B38565 /* Atom.cpp in Sources */ = {isa = PBXBuildFile; fileRef = 8F73A72C1A9EFFCA00B38565 /* Atom.cpp */; };
		8F73A7B41A9EFFCB00B38565 /* Beacon.cpp in Sources */ = {isa = PBXBuildFile; fileRef = 8F73A72E1A9EFFCA00B38565 /* Beacon.cpp */; };
		8F73A7B51A9EFFCB00B38565 /* Clock.cpp in Sources */ = {isa = PBXBuildFile; fileRef = 8F73A7301A9EFFCA00B38565 /* Clock.cpp */; };
		8F73A7B71A9EFFCB00B38565 /* Tag.cpp in Sources */ = {isa = PBXBuildFile; fileRef = 8F73A7351A9EFFCA00B38565 /* Tag.cpp */; };
		8F73A7B81A9EFFCB00B38565 /* DspChain.cpp in Sources */ = {isa = PBXBuildFile; fileRef = 8F73A73B1A9EFFCA00B38565 /* DspChain.cpp */; };
		8F73A7B91A9EFFCB00B38565 /* DspContext.cpp in Sources */ = {isa = PBXBuildFile; fileRef = 8F73A73D1A9EFFCA00B38565 /* DspContext.cpp */; };
		8F73A7BA1A9EFFCB00B38565 /* DspDevice.cpp in Sources */ = {isa = PBXBuildFile; fileRef = 8F73A73F1A9EFFCA00B38565 /* DspDevice.cpp */; };
		8F73A7BB1A9EFFCB00B38565 /* DspIoput.cpp in Sources */ = {isa = PBXBuildFile; fileRef = 8F73A7421A9EFFCA00B38565 /* DspIoput.cpp */; };
		8F73A7BC1A9EFFCB00B38565 /* DspNode.cpp in Sources */ = {isa = PBXBuildFile; fileRef = 8F73A7441A9EFFCA00B38565 /* DspNode.cpp */; };
		8F73A7BE1A9EFFCB00B38565 /* DspPortAudio.cpp in Sources */ = {isa = PBXBuildFile; fileRef = 8F73A74B1A9EFFCA00B38565 /* DspPortAudio.cpp */; };
		8F73A7BF1A9EFFCB00B38565 /* DspGenerator.cpp in Sources */ = {isa = PBXBuildFile; fileRef = 8F73A74E1A9EFFCA00B38565 /* DspGenerator.cpp */; };
		8F73A7C01A9EFFCB00B38565 /* DspIo.cpp in Sources */ = {isa = PBXBuildFile; fileRef = 8F73A7501A9EFFCA00B38565 /* DspIo.cpp */; };
		8F73A7C11A9EFFCB00B38565 /* DspMath.cpp in Sources */ = {isa = PBXBuildFile; fileRef = 8F73A7521A9EFFCA00B38565 /* DspMath.cpp */; };
		8F73A7C31A9EFFCB00B38565 /* Attribute.cpp in Sources */ = {isa = PBXBuildFile; fileRef = 8F73A75A1A9EFFCA00B38565 /* Attribute.cpp */; };
		8F73A7C41A9EFFCB00B38565 /* Default.cpp in Sources */ = {isa = PBXBuildFile; fileRef = 8F73A75D1A9EFFCA00B38565 /* Default.cpp */; };
		8F73A7C51A9EFFCB00B38565 /* Graphic.cpp in Sources */ = {isa = PBXBuildFile; fileRef = 8F73A75F1A9EFFCA00B38565 /* Graphic.cpp */; };
		8F73A7C71A9EFFCB00B38565 /* Color.cpp in Sources */ = {isa = PBXBuildFile; fileRef = 8F73A7681A9EFFCB00B38565 /* Color.cpp */; };
		8F73A7C81A9EFFCB00B38565 /* Font.cpp in Sources */ = {isa = PBXBuildFile; fileRef = 8F73A76A1A9EFFCB00B38565 /* Font.cpp */; };
		8F73A7C91A9EFFCB00B38565 /* Path.cpp in Sources */ = {isa = PBXBuildFile; fileRef = 8F73A76D1A9EFFCB00B38565 /* Path.cpp */; };
		8F73A7CA1A9EFFCB00B38565 /* Point.cpp in Sources */ = {isa = PBXBuildFile; fileRef = 8F73A76F1A9EFFCB00B38565 /* Point.cpp */; };
		8F73A7CB1A9EFFCB00B38565 /* Rectangle.cpp in Sources */ = {isa = PBXBuildFile; fileRef = 8F73A7711A9EFFCB00B38565 /* Rectangle.cpp */; };
		8F73A7CC1A9EFFCB00B38565 /* TextLayout.cpp in Sources */ = {isa = PBXBuildFile; fileRef = 8F73A7731A9EFFCB00B38565 /* TextLayout.cpp */; };
		8F73A7CD1A9EFFCB00B38565 /* Keyboarder.cpp in Sources */ = {isa = PBXBuildFile; fileRef = 8F73A7781A9EFFCB00B38565 /* Keyboarder.cpp */; };
		8F73A7CE1A9EFFCB00B38565 /* Mouser.cpp in Sources */ = {isa = PBXBuildFile; fileRef = 8F73A77B1A9EFFCB00B38565 /* Mouser.cpp */; };
		8F73A7CF1A9EFFCB00B38565 /* Sketcher.cpp in Sources */ = {isa = PBXBuildFile; fileRef = 8F73A77D1A9EFFCB00B38565 /* Sketcher.cpp */; };
		8F73A7D01A9EFFCB00B38565 /* Writer.cpp in Sources */ = {isa = PBXBuildFile; fileRef = 8F73A77F1A9EFFCB00B38565 /* Writer.cpp */; };
		8F73A7D11A9EFFCB00B38565 /* Classic.cpp in Sources */ = {isa = PBXBuildFile; fileRef = 8F73A7821A9EFFCB00B38565 /* Classic.cpp */; };
		8F73A7D21A9EFFCB00B38565 /* Major.cpp in Sources */ = {isa = PBXBuildFile; fileRef = 8F73A7841A9EFFCB00B38565 /* Major.cpp */; };
		8F73A7D41A9EFFCB00B38565 /* NewBox.cpp in Sources */ = {isa = PBXBuildFile; fileRef = 8F73A78B1A9EFFCB00B38565 /* NewBox.cpp */; };
		8F73A7DB1A9EFFCB00B38565 /* ObjectsDspGenerator.cpp in Sources */ = {isa = PBXBuildFile; fileRef = 8F73A79D1A9EFFCB00B38565 /* ObjectsDspGenerator.cpp */; };
		8F73A7DC1A9EFFCB00B38565 /* ObjectsDspIo.cpp in Sources */ = {isa = PBXBuildFile; fileRef = 8F73A79F1A9EFFCB00B38565 /* ObjectsDspIo.cpp */; };
		8F73A7DD1A9EFFCB00B38565 /* Gui.cpp in Sources */ = {isa = PBXBuildFile; fileRef = 8F73A7A21A9EFFCB00B38565 /* Gui.cpp */; };
		8F73A7DF1A9EFFCB00B38565 /* Console.cpp in Sources */ = {isa = PBXBuildFile; fileRef = 8F73A7A91A9EFFCB00B38565 /* Console.cpp */; };
		8F73A7E01A9EFFCB00B38565 /* Instance.cpp in Sources */ = {isa = PBXBuildFile; fileRef = 8F73A7AB1A9EFFCB00B38565 /* Instance.cpp */; };
		8F73A7E11A9EFFCB00B38565 /* Object.cpp in Sources */ = {isa = PBXBuildFile; fileRef = 8F73A7AD1A9EFFCB00B38565 /* Object.cpp */; };
		8F73A7E21A9EFFCB00B38565 /* Patcher.cpp in Sources */ = {isa = PBXBuildFile; fileRef = 8F73A7AF1A9EFFCB00B38565 /* Patcher.cpp */; };
		8F73A7EB1A9F023700B38565 /* Link.cpp in Sources */ = {isa = PBXBuildFile; fileRef = 8F73A7E91A9F023700B38565 /* Link.cpp */; };
		8F73A7ED1A9F067E00B38565 /* libportaudio.a in Frameworks */ = {isa = PBXBuildFile; fileRef = 8F73A7EC1A9F067E00B38565 /* libportaudio.a */; };
/* End PBXBuildFile section */

/* Begin PBXCopyFilesBuildPhase section */
		8F41B45F1A7E3C640067E122 /* CopyFiles */ = {
			isa = PBXCopyFilesBuildPhase;
			buildActionMask = 2147483647;
			dstPath = /usr/share/man/man1/;
			dstSubfolderSpec = 0;
			files = (
			);
			runOnlyForDeploymentPostprocessing = 1;
		};
/* End PBXCopyFilesBuildPhase section */

/* Begin PBXFileReference section */
		8F19E7571A972FF8003CE222 /* Carbon.framework */ = {isa = PBXFileReference; lastKnownFileType = wrapper.framework; name = Carbon.framework; path = System/Library/Frameworks/Carbon.framework; sourceTree = SDKROOT; };
		8F19E7591A973003003CE222 /* AudioToolbox.framework */ = {isa = PBXFileReference; lastKnownFileType = wrapper.framework; name = AudioToolbox.framework; path = System/Library/Frameworks/AudioToolbox.framework; sourceTree = SDKROOT; };
		8F19E75A1A973003003CE222 /* AudioUnit.framework */ = {isa = PBXFileReference; lastKnownFileType = wrapper.framework; name = AudioUnit.framework; path = System/Library/Frameworks/AudioUnit.framework; sourceTree = SDKROOT; };
		8F19E75B1A973003003CE222 /* CoreAudio.framework */ = {isa = PBXFileReference; lastKnownFileType = wrapper.framework; name = CoreAudio.framework; path = System/Library/Frameworks/CoreAudio.framework; sourceTree = SDKROOT; };
		8F19E75F1A97301A003CE222 /* CoreAudioKit.framework */ = {isa = PBXFileReference; lastKnownFileType = wrapper.framework; name = CoreAudioKit.framework; path = System/Library/Frameworks/CoreAudioKit.framework; sourceTree = SDKROOT; };
		8F41B4611A7E3C640067E122 /* ExPatcherPA */ = {isa = PBXFileReference; explicitFileType = "compiled.mach-o.executable"; includeInIndex = 0; path = ExPatcherPA; sourceTree = BUILT_PRODUCTS_DIR; };
		8F41B50B1A7E3C990067E122 /* Accelerate.framework */ = {isa = PBXFileReference; lastKnownFileType = wrapper.framework; name = Accelerate.framework; path = System/Library/Frameworks/Accelerate.framework; sourceTree = SDKROOT; };
		8F73A7261A9EFFC000B38565 /* main.cpp */ = {isa = PBXFileReference; fileEncoding = 4; lastKnownFileType = sourcecode.cpp.cpp; path = main.cpp; sourceTree = "<group>"; };
		8F73A72C1A9EFFCA00B38565 /* Atom.cpp */ = {isa = PBXFileReference; fileEncoding = 4; lastKnownFileType = sourcecode.cpp.cpp; path = Atom.cpp; sourceTree = "<group>"; };
		8F73A72D1A9EFFCA00B38565 /* Atom.h */ = {isa = PBXFileReference; fileEncoding = 4; lastKnownFileType = sourcecode.c.h; path = Atom.h; sourceTree = "<group>"; };
		8F73A72E1A9EFFCA00B38565 /* Beacon.cpp */ = {isa = PBXFileReference; fileEncoding = 4; lastKnownFileType = sourcecode.cpp.cpp; path = Beacon.cpp; sourceTree = "<group>"; };
		8F73A72F1A9EFFCA00B38565 /* Beacon.h */ = {isa = PBXFileReference; fileEncoding = 4; lastKnownFileType = sourcecode.c.h; path = Beacon.h; sourceTree = "<group>"; };
		8F73A7301A9EFFCA00B38565 /* Clock.cpp */ = {isa = PBXFileReference; fileEncoding = 4; lastKnownFileType = sourcecode.cpp.cpp; path = Clock.cpp; sourceTree = "<group>"; };
		8F73A7311A9EFFCA00B38565 /* Clock.h */ = {isa = PBXFileReference; fileEncoding = 4; lastKnownFileType = sourcecode.c.h; path = Clock.h; sourceTree = "<group>"; };
		8F73A7321A9EFFCA00B38565 /* KiwiCore.h */ = {isa = PBXFileReference; fileEncoding = 4; lastKnownFileType = sourcecode.c.h; path = KiwiCore.h; sourceTree = "<group>"; };
		8F73A7351A9EFFCA00B38565 /* Tag.cpp */ = {isa = PBXFileReference; fileEncoding = 4; lastKnownFileType = sourcecode.cpp.cpp; path = Tag.cpp; sourceTree = "<group>"; };
		8F73A7361A9EFFCA00B38565 /* Tag.h */ = {isa = PBXFileReference; fileEncoding = 4; lastKnownFileType = sourcecode.c.h; path = Tag.h; sourceTree = "<group>"; };
		8F73A7371A9EFFCA00B38565 /* Tools.h */ = {isa = PBXFileReference; fileEncoding = 4; lastKnownFileType = sourcecode.c.h; path = Tools.h; sourceTree = "<group>"; };
		8F73A73B1A9EFFCA00B38565 /* DspChain.cpp */ = {isa = PBXFileReference; fileEncoding = 4; lastKnownFileType = sourcecode.cpp.cpp; path = DspChain.cpp; sourceTree = "<group>"; };
		8F73A73C1A9EFFCA00B38565 /* DspChain.h */ = {isa = PBXFileReference; fileEncoding = 4; lastKnownFileType = sourcecode.c.h; path = DspChain.h; sourceTree = "<group>"; };
		8F73A73D1A9EFFCA00B38565 /* DspContext.cpp */ = {isa = PBXFileReference; fileEncoding = 4; lastKnownFileType = sourcecode.cpp.cpp; path = DspContext.cpp; sourceTree = "<group>"; };
		8F73A73E1A9EFFCA00B38565 /* DspContext.h */ = {isa = PBXFileReference; fileEncoding = 4; lastKnownFileType = sourcecode.c.h; path = DspContext.h; sourceTree = "<group>"; };
		8F73A73F1A9EFFCA00B38565 /* DspDevice.cpp */ = {isa = PBXFileReference; fileEncoding = 4; lastKnownFileType = sourcecode.cpp.cpp; path = DspDevice.cpp; sourceTree = "<group>"; };
		8F73A7401A9EFFCA00B38565 /* DspDevice.h */ = {isa = PBXFileReference; fileEncoding = 4; lastKnownFileType = sourcecode.c.h; path = DspDevice.h; sourceTree = "<group>"; };
		8F73A7411A9EFFCA00B38565 /* DspError.h */ = {isa = PBXFileReference; fileEncoding = 4; lastKnownFileType = sourcecode.c.h; path = DspError.h; sourceTree = "<group>"; };
		8F73A7421A9EFFCA00B38565 /* DspIoput.cpp */ = {isa = PBXFileReference; fileEncoding = 4; lastKnownFileType = sourcecode.cpp.cpp; path = DspIoput.cpp; sourceTree = "<group>"; };
		8F73A7431A9EFFCA00B38565 /* DspIoput.h */ = {isa = PBXFileReference; fileEncoding = 4; lastKnownFileType = sourcecode.c.h; path = DspIoput.h; sourceTree = "<group>"; };
		8F73A7441A9EFFCA00B38565 /* DspNode.cpp */ = {isa = PBXFileReference; fileEncoding = 4; lastKnownFileType = sourcecode.cpp.cpp; path = DspNode.cpp; sourceTree = "<group>"; };
		8F73A7451A9EFFCA00B38565 /* DspNode.h */ = {isa = PBXFileReference; fileEncoding = 4; lastKnownFileType = sourcecode.c.h; path = DspNode.h; sourceTree = "<group>"; };
		8F73A7461A9EFFCA00B38565 /* DspSignal.h */ = {isa = PBXFileReference; fileEncoding = 4; lastKnownFileType = sourcecode.c.h; path = DspSignal.h; sourceTree = "<group>"; };
		8F73A7471A9EFFCA00B38565 /* KiwiDsp.h */ = {isa = PBXFileReference; fileEncoding = 4; lastKnownFileType = sourcecode.c.h; path = KiwiDsp.h; sourceTree = "<group>"; };
		8F73A74B1A9EFFCA00B38565 /* DspPortAudio.cpp */ = {isa = PBXFileReference; fileEncoding = 4; lastKnownFileType = sourcecode.cpp.cpp; path = DspPortAudio.cpp; sourceTree = "<group>"; };
		8F73A74C1A9EFFCA00B38565 /* DspPortAudio.h */ = {isa = PBXFileReference; fileEncoding = 4; lastKnownFileType = sourcecode.c.h; path = DspPortAudio.h; sourceTree = "<group>"; };
		8F73A74E1A9EFFCA00B38565 /* DspGenerator.cpp */ = {isa = PBXFileReference; fileEncoding = 4; lastKnownFileType = sourcecode.cpp.cpp; path = DspGenerator.cpp; sourceTree = "<group>"; };
		8F73A74F1A9EFFCA00B38565 /* DspGenerator.h */ = {isa = PBXFileReference; fileEncoding = 4; lastKnownFileType = sourcecode.c.h; path = DspGenerator.h; sourceTree = "<group>"; };
		8F73A7501A9EFFCA00B38565 /* DspIo.cpp */ = {isa = PBXFileReference; fileEncoding = 4; lastKnownFileType = sourcecode.cpp.cpp; path = DspIo.cpp; sourceTree = "<group>"; };
		8F73A7511A9EFFCA00B38565 /* DspIo.h */ = {isa = PBXFileReference; fileEncoding = 4; lastKnownFileType = sourcecode.c.h; path = DspIo.h; sourceTree = "<group>"; };
		8F73A7521A9EFFCA00B38565 /* DspMath.cpp */ = {isa = PBXFileReference; fileEncoding = 4; lastKnownFileType = sourcecode.cpp.cpp; path = DspMath.cpp; sourceTree = "<group>"; };
		8F73A7531A9EFFCA00B38565 /* DspMath.h */ = {isa = PBXFileReference; fileEncoding = 4; lastKnownFileType = sourcecode.c.h; path = DspMath.h; sourceTree = "<group>"; };
		8F73A7541A9EFFCA00B38565 /* DspModules.h */ = {isa = PBXFileReference; fileEncoding = 4; lastKnownFileType = sourcecode.c.h; path = DspModules.h; sourceTree = "<group>"; };
		8F73A75A1A9EFFCA00B38565 /* Attribute.cpp */ = {isa = PBXFileReference; fileEncoding = 4; lastKnownFileType = sourcecode.cpp.cpp; path = Attribute.cpp; sourceTree = "<group>"; };
		8F73A75B1A9EFFCA00B38565 /* Attribute.h */ = {isa = PBXFileReference; fileEncoding = 4; lastKnownFileType = sourcecode.c.h; path = Attribute.h; sourceTree = "<group>"; };
		8F73A75C1A9EFFCA00B38565 /* Attributes.h */ = {isa = PBXFileReference; fileEncoding = 4; lastKnownFileType = sourcecode.c.h; path = Attributes.h; sourceTree = "<group>"; };
		8F73A75D1A9EFFCA00B38565 /* Default.cpp */ = {isa = PBXFileReference; fileEncoding = 4; lastKnownFileType = sourcecode.cpp.cpp; path = Default.cpp; sourceTree = "<group>"; };
		8F73A75E1A9EFFCA00B38565 /* Default.h */ = {isa = PBXFileReference; fileEncoding = 4; lastKnownFileType = sourcecode.c.h; path = Default.h; sourceTree = "<group>"; };
		8F73A75F1A9EFFCA00B38565 /* Graphic.cpp */ = {isa = PBXFileReference; fileEncoding = 4; lastKnownFileType = sourcecode.cpp.cpp; path = Graphic.cpp; sourceTree = "<group>"; };
		8F73A7601A9EFFCA00B38565 /* Graphic.h */ = {isa = PBXFileReference; fileEncoding = 4; lastKnownFileType = sourcecode.c.h; path = Graphic.h; sourceTree = "<group>"; };
		8F73A7681A9EFFCB00B38565 /* Color.cpp */ = {isa = PBXFileReference; fileEncoding = 4; lastKnownFileType = sourcecode.cpp.cpp; path = Color.cpp; sourceTree = "<group>"; };
		8F73A7691A9EFFCB00B38565 /* Color.h */ = {isa = PBXFileReference; fileEncoding = 4; lastKnownFileType = sourcecode.c.h; path = Color.h; sourceTree = "<group>"; };
		8F73A76A1A9EFFCB00B38565 /* Font.cpp */ = {isa = PBXFileReference; fileEncoding = 4; lastKnownFileType = sourcecode.cpp.cpp; path = Font.cpp; sourceTree = "<group>"; };
		8F73A76B1A9EFFCB00B38565 /* Font.h */ = {isa = PBXFileReference; fileEncoding = 4; lastKnownFileType = sourcecode.c.h; path = Font.h; sourceTree = "<group>"; };
		8F73A76C1A9EFFCB00B38565 /* Graphics.h */ = {isa = PBXFileReference; fileEncoding = 4; lastKnownFileType = sourcecode.c.h; path = Graphics.h; sourceTree = "<group>"; };
		8F73A76D1A9EFFCB00B38565 /* Path.cpp */ = {isa = PBXFileReference; fileEncoding = 4; lastKnownFileType = sourcecode.cpp.cpp; path = Path.cpp; sourceTree = "<group>"; };
		8F73A76E1A9EFFCB00B38565 /* Path.h */ = {isa = PBXFileReference; fileEncoding = 4; lastKnownFileType = sourcecode.c.h; path = Path.h; sourceTree = "<group>"; };
		8F73A76F1A9EFFCB00B38565 /* Point.cpp */ = {isa = PBXFileReference; fileEncoding = 4; lastKnownFileType = sourcecode.cpp.cpp; path = Point.cpp; sourceTree = "<group>"; };
		8F73A7701A9EFFCB00B38565 /* Point.h */ = {isa = PBXFileReference; fileEncoding = 4; lastKnownFileType = sourcecode.c.h; path = Point.h; sourceTree = "<group>"; };
		8F73A7711A9EFFCB00B38565 /* Rectangle.cpp */ = {isa = PBXFileReference; fileEncoding = 4; lastKnownFileType = sourcecode.cpp.cpp; path = Rectangle.cpp; sourceTree = "<group>"; };
		8F73A7721A9EFFCB00B38565 /* Rectangle.h */ = {isa = PBXFileReference; fileEncoding = 4; lastKnownFileType = sourcecode.c.h; path = Rectangle.h; sourceTree = "<group>"; };
		8F73A7731A9EFFCB00B38565 /* TextLayout.cpp */ = {isa = PBXFileReference; fileEncoding = 4; lastKnownFileType = sourcecode.cpp.cpp; path = TextLayout.cpp; sourceTree = "<group>"; };
		8F73A7741A9EFFCB00B38565 /* TextLayout.h */ = {isa = PBXFileReference; fileEncoding = 4; lastKnownFileType = sourcecode.c.h; path = TextLayout.h; sourceTree = "<group>"; };
		8F73A7751A9EFFCB00B38565 /* KiwiGui.h */ = {isa = PBXFileReference; fileEncoding = 4; lastKnownFileType = sourcecode.c.h; path = KiwiGui.h; sourceTree = "<group>"; };
		8F73A7781A9EFFCB00B38565 /* Keyboarder.cpp */ = {isa = PBXFileReference; fileEncoding = 4; lastKnownFileType = sourcecode.cpp.cpp; path = Keyboarder.cpp; sourceTree = "<group>"; };
		8F73A7791A9EFFCB00B38565 /* Keyboarder.h */ = {isa = PBXFileReference; fileEncoding = 4; lastKnownFileType = sourcecode.c.h; path = Keyboarder.h; sourceTree = "<group>"; };
		8F73A77A1A9EFFCB00B38565 /* Models.h */ = {isa = PBXFileReference; fileEncoding = 4; lastKnownFileType = sourcecode.c.h; path = Models.h; sourceTree = "<group>"; };
		8F73A77B1A9EFFCB00B38565 /* Mouser.cpp */ = {isa = PBXFileReference; fileEncoding = 4; lastKnownFileType = sourcecode.cpp.cpp; path = Mouser.cpp; sourceTree = "<group>"; };
		8F73A77C1A9EFFCB00B38565 /* Mouser.h */ = {isa = PBXFileReference; fileEncoding = 4; lastKnownFileType = sourcecode.c.h; path = Mouser.h; sourceTree = "<group>"; };
		8F73A77D1A9EFFCB00B38565 /* Sketcher.cpp */ = {isa = PBXFileReference; fileEncoding = 4; lastKnownFileType = sourcecode.cpp.cpp; path = Sketcher.cpp; sourceTree = "<group>"; };
		8F73A77E1A9EFFCB00B38565 /* Sketcher.h */ = {isa = PBXFileReference; fileEncoding = 4; lastKnownFileType = sourcecode.c.h; path = Sketcher.h; sourceTree = "<group>"; };
		8F73A77F1A9EFFCB00B38565 /* Writer.cpp */ = {isa = PBXFileReference; fileEncoding = 4; lastKnownFileType = sourcecode.cpp.cpp; path = Writer.cpp; sourceTree = "<group>"; };
		8F73A7801A9EFFCB00B38565 /* Writer.h */ = {isa = PBXFileReference; fileEncoding = 4; lastKnownFileType = sourcecode.c.h; path = Writer.h; sourceTree = "<group>"; };
		8F73A7821A9EFFCB00B38565 /* Classic.cpp */ = {isa = PBXFileReference; fileEncoding = 4; lastKnownFileType = sourcecode.cpp.cpp; path = Classic.cpp; sourceTree = "<group>"; };
		8F73A7831A9EFFCB00B38565 /* Classic.h */ = {isa = PBXFileReference; fileEncoding = 4; lastKnownFileType = sourcecode.c.h; path = Classic.h; sourceTree = "<group>"; };
		8F73A7841A9EFFCB00B38565 /* Major.cpp */ = {isa = PBXFileReference; fileEncoding = 4; lastKnownFileType = sourcecode.cpp.cpp; path = Major.cpp; sourceTree = "<group>"; };
		8F73A7851A9EFFCB00B38565 /* Major.h */ = {isa = PBXFileReference; fileEncoding = 4; lastKnownFileType = sourcecode.c.h; path = Major.h; sourceTree = "<group>"; };
		8F73A7861A9EFFCB00B38565 /* Modules.h */ = {isa = PBXFileReference; fileEncoding = 4; lastKnownFileType = sourcecode.c.h; path = Modules.h; sourceTree = "<group>"; };
		8F73A7891A9EFFCB00B38565 /* Objects.h */ = {isa = PBXFileReference; fileEncoding = 4; lastKnownFileType = sourcecode.c.h; path = Objects.h; sourceTree = "<group>"; };
		8F73A78B1A9EFFCB00B38565 /* NewBox.cpp */ = {isa = PBXFileReference; fileEncoding = 4; lastKnownFileType = sourcecode.cpp.cpp; path = NewBox.cpp; sourceTree = "<group>"; };
		8F73A78C1A9EFFCB00B38565 /* NewBox.h */ = {isa = PBXFileReference; fileEncoding = 4; lastKnownFileType = sourcecode.c.h; path = NewBox.h; sourceTree = "<group>"; };
		8F73A78D1A9EFFCB00B38565 /* ObjectsBasics.h */ = {isa = PBXFileReference; fileEncoding = 4; lastKnownFileType = sourcecode.c.h; path = ObjectsBasics.h; sourceTree = "<group>"; };
		8F73A79C1A9EFFCB00B38565 /* ObjectsDsp.h */ = {isa = PBXFileReference; fileEncoding = 4; lastKnownFileType = sourcecode.c.h; path = ObjectsDsp.h; sourceTree = "<group>"; };
		8F73A79D1A9EFFCB00B38565 /* ObjectsDspGenerator.cpp */ = {isa = PBXFileReference; fileEncoding = 4; lastKnownFileType = sourcecode.cpp.cpp; path = ObjectsDspGenerator.cpp; sourceTree = "<group>"; };
		8F73A79E1A9EFFCB00B38565 /* ObjectsDspGenerator.h */ = {isa = PBXFileReference; fileEncoding = 4; lastKnownFileType = sourcecode.c.h; path = ObjectsDspGenerator.h; sourceTree = "<group>"; };
		8F73A79F1A9EFFCB00B38565 /* ObjectsDspIo.cpp */ = {isa = PBXFileReference; fileEncoding = 4; lastKnownFileType = sourcecode.cpp.cpp; path = ObjectsDspIo.cpp; sourceTree = "<group>"; };
		8F73A7A01A9EFFCB00B38565 /* ObjectsDspIo.h */ = {isa = PBXFileReference; fileEncoding = 4; lastKnownFileType = sourcecode.c.h; path = ObjectsDspIo.h; sourceTree = "<group>"; };
		8F73A7A21A9EFFCB00B38565 /* Gui.cpp */ = {isa = PBXFileReference; fileEncoding = 4; lastKnownFileType = sourcecode.cpp.cpp; path = Gui.cpp; sourceTree = "<group>"; };
		8F73A7A31A9EFFCB00B38565 /* Gui.h */ = {isa = PBXFileReference; fileEncoding = 4; lastKnownFileType = sourcecode.c.h; path = Gui.h; sourceTree = "<group>"; };
		8F73A7A41A9EFFCB00B38565 /* ObjectsGui.h */ = {isa = PBXFileReference; fileEncoding = 4; lastKnownFileType = sourcecode.c.h; path = ObjectsGui.h; sourceTree = "<group>"; };
		8F73A7A91A9EFFCB00B38565 /* Console.cpp */ = {isa = PBXFileReference; fileEncoding = 4; lastKnownFileType = sourcecode.cpp.cpp; path = Console.cpp; sourceTree = "<group>"; };
		8F73A7AA1A9EFFCB00B38565 /* Console.h */ = {isa = PBXFileReference; fileEncoding = 4; lastKnownFileType = sourcecode.c.h; path = Console.h; sourceTree = "<group>"; };
		8F73A7AB1A9EFFCB00B38565 /* Instance.cpp */ = {isa = PBXFileReference; fileEncoding = 4; lastKnownFileType = sourcecode.cpp.cpp; path = Instance.cpp; sourceTree = "<group>"; };
		8F73A7AC1A9EFFCB00B38565 /* Instance.h */ = {isa = PBXFileReference; fileEncoding = 4; lastKnownFileType = sourcecode.c.h; path = Instance.h; sourceTree = "<group>"; };
		8F73A7AD1A9EFFCB00B38565 /* Object.cpp */ = {isa = PBXFileReference; fileEncoding = 4; lastKnownFileType = sourcecode.cpp.cpp; path = Object.cpp; sourceTree = "<group>"; };
		8F73A7AE1A9EFFCB00B38565 /* Object.h */ = {isa = PBXFileReference; fileEncoding = 4; lastKnownFileType = sourcecode.c.h; path = Object.h; sourceTree = "<group>"; };
		8F73A7AF1A9EFFCB00B38565 /* Patcher.cpp */ = {isa = PBXFileReference; fileEncoding = 4; lastKnownFileType = sourcecode.cpp.cpp; path = Patcher.cpp; sourceTree = "<group>"; };
		8F73A7B01A9EFFCB00B38565 /* Patcher.h */ = {isa = PBXFileReference; fileEncoding = 4; lastKnownFileType = sourcecode.c.h; path = Patcher.h; sourceTree = "<group>"; };
		8F73A7E81A9F01D200B38565 /* KiwiPatcher.h */ = {isa = PBXFileReference; fileEncoding = 4; lastKnownFileType = sourcecode.c.h; path = KiwiPatcher.h; sourceTree = "<group>"; };
		8F73A7E91A9F023700B38565 /* Link.cpp */ = {isa = PBXFileReference; fileEncoding = 4; lastKnownFileType = sourcecode.cpp.cpp; path = Link.cpp; sourceTree = "<group>"; };
		8F73A7EA1A9F023700B38565 /* Link.h */ = {isa = PBXFileReference; fileEncoding = 4; lastKnownFileType = sourcecode.c.h; path = Link.h; sourceTree = "<group>"; };
		8F73A7EC1A9F067E00B38565 /* libportaudio.a */ = {isa = PBXFileReference; lastKnownFileType = archive.ar; name = libportaudio.a; path = ../ThirdParty/PortAudio/lib/.libs/libportaudio.a; sourceTree = "<group>"; };
/* End PBXFileReference section */

/* Begin PBXFrameworksBuildPhase section */
		8F41B45E1A7E3C640067E122 /* Frameworks */ = {
			isa = PBXFrameworksBuildPhase;
			buildActionMask = 2147483647;
			files = (
				8F19E7601A97301A003CE222 /* CoreAudioKit.framework in Frameworks */,
				8F19E75C1A973003003CE222 /* AudioToolbox.framework in Frameworks */,
				8F19E75D1A973003003CE222 /* AudioUnit.framework in Frameworks */,
				8F73A7ED1A9F067E00B38565 /* libportaudio.a in Frameworks */,
				8F19E75E1A973003003CE222 /* CoreAudio.framework in Frameworks */,
				8F19E7581A972FF8003CE222 /* Carbon.framework in Frameworks */,
				8F41B50C1A7E3C990067E122 /* Accelerate.framework in Frameworks */,
			);
			runOnlyForDeploymentPostprocessing = 0;
		};
/* End PBXFrameworksBuildPhase section */

/* Begin PBXGroup section */
		8F41B4581A7E3C640067E122 = {
			isa = PBXGroup;
			children = (
				8F73A7EC1A9F067E00B38565 /* libportaudio.a */,
				8F19E75F1A97301A003CE222 /* CoreAudioKit.framework */,
				8F19E7591A973003003CE222 /* AudioToolbox.framework */,
				8F19E75A1A973003003CE222 /* AudioUnit.framework */,
				8F19E75B1A973003003CE222 /* CoreAudio.framework */,
				8F19E7571A972FF8003CE222 /* Carbon.framework */,
				8F41B50B1A7E3C990067E122 /* Accelerate.framework */,
				8F73A7251A9EFFC000B38565 /* ExPatcherPA */,
				8F41B4621A7E3C640067E122 /* Products */,
			);
			sourceTree = "<group>";
		};
		8F41B4621A7E3C640067E122 /* Products */ = {
			isa = PBXGroup;
			children = (
				8F41B4611A7E3C640067E122 /* ExPatcherPA */,
			);
			name = Products;
			sourceTree = "<group>";
		};
		8F73A7251A9EFFC000B38565 /* ExPatcherPA */ = {
			isa = PBXGroup;
			children = (
				8F73A7261A9EFFC000B38565 /* main.cpp */,
				8F73A7281A9EFFCA00B38565 /* KiwiModules */,
			);
			path = ExPatcherPA;
			sourceTree = "<group>";
		};
		8F73A7281A9EFFCA00B38565 /* KiwiModules */ = {
			isa = PBXGroup;
			children = (
				8F73A72A1A9EFFCA00B38565 /* KiwiCore */,
				8F73A7381A9EFFCA00B38565 /* KiwiDsp */,
				8F73A7561A9EFFCA00B38565 /* KiwiGui */,
				8F73A7881A9EFFCB00B38565 /* KiwiObjects */,
				8F73A7A61A9EFFCB00B38565 /* KiwiPatcher */,
			);
			name = KiwiModules;
			path = ../../KiwiModules;
			sourceTree = "<group>";
		};
		8F73A72A1A9EFFCA00B38565 /* KiwiCore */ = {
			isa = PBXGroup;
			children = (
				8F73A7321A9EFFCA00B38565 /* KiwiCore.h */,
				8F73A7371A9EFFCA00B38565 /* Tools.h */,
				8F73A7351A9EFFCA00B38565 /* Tag.cpp */,
				8F73A7361A9EFFCA00B38565 /* Tag.h */,
				8F73A72C1A9EFFCA00B38565 /* Atom.cpp */,
				8F73A72D1A9EFFCA00B38565 /* Atom.h */,
				8F73A72E1A9EFFCA00B38565 /* Beacon.cpp */,
				8F73A72F1A9EFFCA00B38565 /* Beacon.h */,
				8F73A7301A9EFFCA00B38565 /* Clock.cpp */,
				8F73A7311A9EFFCA00B38565 /* Clock.h */,
			);
			path = KiwiCore;
			sourceTree = "<group>";
		};
		8F73A7381A9EFFCA00B38565 /* KiwiDsp */ = {
			isa = PBXGroup;
			children = (
				8F73A7471A9EFFCA00B38565 /* KiwiDsp.h */,
				8F73A73A1A9EFFCA00B38565 /* Context */,
				8F73A7481A9EFFCA00B38565 /* Implementation */,
				8F73A74D1A9EFFCA00B38565 /* Modules */,
			);
			path = KiwiDsp;
			sourceTree = "<group>";
		};
		8F73A73A1A9EFFCA00B38565 /* Context */ = {
			isa = PBXGroup;
			children = (
				8F73A73B1A9EFFCA00B38565 /* DspChain.cpp */,
				8F73A73C1A9EFFCA00B38565 /* DspChain.h */,
				8F73A73D1A9EFFCA00B38565 /* DspContext.cpp */,
				8F73A73E1A9EFFCA00B38565 /* DspContext.h */,
				8F73A73F1A9EFFCA00B38565 /* DspDevice.cpp */,
				8F73A7401A9EFFCA00B38565 /* DspDevice.h */,
				8F73A7411A9EFFCA00B38565 /* DspError.h */,
				8F73A7421A9EFFCA00B38565 /* DspIoput.cpp */,
				8F73A7431A9EFFCA00B38565 /* DspIoput.h */,
				8F73A7441A9EFFCA00B38565 /* DspNode.cpp */,
				8F73A7451A9EFFCA00B38565 /* DspNode.h */,
				8F73A7461A9EFFCA00B38565 /* DspSignal.h */,
			);
			path = Context;
			sourceTree = "<group>";
		};
		8F73A7481A9EFFCA00B38565 /* Implementation */ = {
			isa = PBXGroup;
			children = (
				8F73A74B1A9EFFCA00B38565 /* DspPortAudio.cpp */,
				8F73A74C1A9EFFCA00B38565 /* DspPortAudio.h */,
			);
			path = Implementation;
			sourceTree = "<group>";
		};
		8F73A74D1A9EFFCA00B38565 /* Modules */ = {
			isa = PBXGroup;
			children = (
				8F73A74E1A9EFFCA00B38565 /* DspGenerator.cpp */,
				8F73A74F1A9EFFCA00B38565 /* DspGenerator.h */,
				8F73A7501A9EFFCA00B38565 /* DspIo.cpp */,
				8F73A7511A9EFFCA00B38565 /* DspIo.h */,
				8F73A7521A9EFFCA00B38565 /* DspMath.cpp */,
				8F73A7531A9EFFCA00B38565 /* DspMath.h */,
				8F73A7541A9EFFCA00B38565 /* DspModules.h */,
			);
			path = Modules;
			sourceTree = "<group>";
		};
		8F73A7561A9EFFCA00B38565 /* KiwiGui */ = {
			isa = PBXGroup;
			children = (
				8F73A7751A9EFFCB00B38565 /* KiwiGui.h */,
				8F73A7671A9EFFCB00B38565 /* Graphics */,
				8F73A7591A9EFFCA00B38565 /* Attributes */,
				8F73A7771A9EFFCB00B38565 /* Models */,
				8F73A7811A9EFFCB00B38565 /* Modules */,
			);
			path = KiwiGui;
			sourceTree = "<group>";
		};
		8F73A7591A9EFFCA00B38565 /* Attributes */ = {
			isa = PBXGroup;
			children = (
				8F73A75A1A9EFFCA00B38565 /* Attribute.cpp */,
				8F73A75B1A9EFFCA00B38565 /* Attribute.h */,
				8F73A75C1A9EFFCA00B38565 /* Attributes.h */,
				8F73A75D1A9EFFCA00B38565 /* Default.cpp */,
				8F73A75E1A9EFFCA00B38565 /* Default.h */,
				8F73A75F1A9EFFCA00B38565 /* Graphic.cpp */,
				8F73A7601A9EFFCA00B38565 /* Graphic.h */,
			);
			path = Attributes;
			sourceTree = "<group>";
		};
		8F73A7671A9EFFCB00B38565 /* Graphics */ = {
			isa = PBXGroup;
			children = (
				8F73A76C1A9EFFCB00B38565 /* Graphics.h */,
				8F73A7681A9EFFCB00B38565 /* Color.cpp */,
				8F73A7691A9EFFCB00B38565 /* Color.h */,
				8F73A76A1A9EFFCB00B38565 /* Font.cpp */,
				8F73A76B1A9EFFCB00B38565 /* Font.h */,
				8F73A76D1A9EFFCB00B38565 /* Path.cpp */,
				8F73A76E1A9EFFCB00B38565 /* Path.h */,
				8F73A76F1A9EFFCB00B38565 /* Point.cpp */,
				8F73A7701A9EFFCB00B38565 /* Point.h */,
				8F73A7711A9EFFCB00B38565 /* Rectangle.cpp */,
				8F73A7721A9EFFCB00B38565 /* Rectangle.h */,
				8F73A7731A9EFFCB00B38565 /* TextLayout.cpp */,
				8F73A7741A9EFFCB00B38565 /* TextLayout.h */,
			);
			path = Graphics;
			sourceTree = "<group>";
		};
		8F73A7771A9EFFCB00B38565 /* Models */ = {
			isa = PBXGroup;
			children = (
				8F73A77A1A9EFFCB00B38565 /* Models.h */,
				8F73A77D1A9EFFCB00B38565 /* Sketcher.cpp */,
				8F73A77E1A9EFFCB00B38565 /* Sketcher.h */,
				8F73A7781A9EFFCB00B38565 /* Keyboarder.cpp */,
				8F73A7791A9EFFCB00B38565 /* Keyboarder.h */,
				8F73A77B1A9EFFCB00B38565 /* Mouser.cpp */,
				8F73A77C1A9EFFCB00B38565 /* Mouser.h */,
				8F73A77F1A9EFFCB00B38565 /* Writer.cpp */,
				8F73A7801A9EFFCB00B38565 /* Writer.h */,
			);
			path = Models;
			sourceTree = "<group>";
		};
		8F73A7811A9EFFCB00B38565 /* Modules */ = {
			isa = PBXGroup;
			children = (
				8F73A7821A9EFFCB00B38565 /* Classic.cpp */,
				8F73A7831A9EFFCB00B38565 /* Classic.h */,
				8F73A7841A9EFFCB00B38565 /* Major.cpp */,
				8F73A7851A9EFFCB00B38565 /* Major.h */,
				8F73A7861A9EFFCB00B38565 /* Modules.h */,
			);
			path = Modules;
			sourceTree = "<group>";
		};
		8F73A7881A9EFFCB00B38565 /* KiwiObjects */ = {
			isa = PBXGroup;
			children = (
				8F73A7891A9EFFCB00B38565 /* Objects.h */,
				8F73A78A1A9EFFCB00B38565 /* ObjectsBasics */,
				8F73A79B1A9EFFCB00B38565 /* ObjectsDsp */,
				8F73A7A11A9EFFCB00B38565 /* ObjectsGui */,
			);
			path = KiwiObjects;
			sourceTree = "<group>";
		};
		8F73A78A1A9EFFCB00B38565 /* ObjectsBasics */ = {
			isa = PBXGroup;
			children = (
				8F73A78B1A9EFFCB00B38565 /* NewBox.cpp */,
				8F73A78C1A9EFFCB00B38565 /* NewBox.h */,
				8F73A78D1A9EFFCB00B38565 /* ObjectsBasics.h */,
			);
			path = ObjectsBasics;
			sourceTree = "<group>";
		};
		8F73A79B1A9EFFCB00B38565 /* ObjectsDsp */ = {
			isa = PBXGroup;
			children = (
				8F73A79C1A9EFFCB00B38565 /* ObjectsDsp.h */,
				8F73A79D1A9EFFCB00B38565 /* ObjectsDspGenerator.cpp */,
				8F73A79E1A9EFFCB00B38565 /* ObjectsDspGenerator.h */,
				8F73A79F1A9EFFCB00B38565 /* ObjectsDspIo.cpp */,
				8F73A7A01A9EFFCB00B38565 /* ObjectsDspIo.h */,
			);
			path = ObjectsDsp;
			sourceTree = "<group>";
		};
		8F73A7A11A9EFFCB00B38565 /* ObjectsGui */ = {
			isa = PBXGroup;
			children = (
				8F73A7A21A9EFFCB00B38565 /* Gui.cpp */,
				8F73A7A31A9EFFCB00B38565 /* Gui.h */,
				8F73A7A41A9EFFCB00B38565 /* ObjectsGui.h */,
			);
			path = ObjectsGui;
			sourceTree = "<group>";
		};
		8F73A7A61A9EFFCB00B38565 /* KiwiPatcher */ = {
			isa = PBXGroup;
			children = (
				8F73A7E81A9F01D200B38565 /* KiwiPatcher.h */,
				8F73A7AD1A9EFFCB00B38565 /* Object.cpp */,
				8F73A7AE1A9EFFCB00B38565 /* Object.h */,
				8F73A7E91A9F023700B38565 /* Link.cpp */,
				8F73A7EA1A9F023700B38565 /* Link.h */,
				8F73A7AF1A9EFFCB00B38565 /* Patcher.cpp */,
				8F73A7B01A9EFFCB00B38565 /* Patcher.h */,
				8F73A7AB1A9EFFCB00B38565 /* Instance.cpp */,
				8F73A7AC1A9EFFCB00B38565 /* Instance.h */,
				8F73A7A91A9EFFCB00B38565 /* Console.cpp */,
				8F73A7AA1A9EFFCB00B38565 /* Console.h */,
			);
			path = KiwiPatcher;
			sourceTree = "<group>";
		};
/* End PBXGroup section */

/* Begin PBXNativeTarget section */
		8F41B4601A7E3C640067E122 /* ExPatcherPA */ = {
			isa = PBXNativeTarget;
			buildConfigurationList = 8F41B4681A7E3C640067E122 /* Build configuration list for PBXNativeTarget "ExPatcherPA" */;
			buildPhases = (
				8F41B45D1A7E3C640067E122 /* Sources */,
				8F41B45E1A7E3C640067E122 /* Frameworks */,
				8F41B45F1A7E3C640067E122 /* CopyFiles */,
			);
			buildRules = (
			);
			dependencies = (
			);
			name = ExPatcherPA;
			productName = example;
			productReference = 8F41B4611A7E3C640067E122 /* ExPatcherPA */;
			productType = "com.apple.product-type.tool";
		};
/* End PBXNativeTarget section */

/* Begin PBXProject section */
		8F41B4591A7E3C640067E122 /* Project object */ = {
			isa = PBXProject;
			attributes = {
				LastUpgradeCheck = 0610;
				ORGANIZATIONNAME = Kiwi;
				TargetAttributes = {
					8F41B4601A7E3C640067E122 = {
						CreatedOnToolsVersion = 6.1.1;
					};
				};
			};
			buildConfigurationList = 8F41B45C1A7E3C640067E122 /* Build configuration list for PBXProject "ExPatcherPA" */;
			compatibilityVersion = "Xcode 3.2";
			developmentRegion = English;
			hasScannedForEncodings = 0;
			knownRegions = (
				en,
			);
			mainGroup = 8F41B4581A7E3C640067E122;
			productRefGroup = 8F41B4621A7E3C640067E122 /* Products */;
			projectDirPath = "";
			projectRoot = "";
			targets = (
				8F41B4601A7E3C640067E122 /* ExPatcherPA */,
			);
		};
/* End PBXProject section */

/* Begin PBXSourcesBuildPhase section */
		8F41B45D1A7E3C640067E122 /* Sources */ = {
			isa = PBXSourcesBuildPhase;
			buildActionMask = 2147483647;
			files = (
				8F73A7B71A9EFFCB00B38565 /* Tag.cpp in Sources */,
				8F73A7D21A9EFFCB00B38565 /* Major.cpp in Sources */,
				8F73A7E11A9EFFCB00B38565 /* Object.cpp in Sources */,
				8F73A7DB1A9EFFCB00B38565 /* ObjectsDspGenerator.cpp in Sources */,
				8F73A7DF1A9EFFCB00B38565 /* Console.cpp in Sources */,
				8F73A7C81A9EFFCB00B38565 /* Font.cpp in Sources */,
				8F73A7B31A9EFFCB00B38565 /* Atom.cpp in Sources */,
				8F73A7DC1A9EFFCB00B38565 /* ObjectsDspIo.cpp in Sources */,
				8F73A7B41A9EFFCB00B38565 /* Beacon.cpp in Sources */,
				8F73A7B91A9EFFCB00B38565 /* DspContext.cpp in Sources */,
				8F73A7B81A9EFFCB00B38565 /* DspChain.cpp in Sources */,
				8F73A7EB1A9F023700B38565 /* Link.cpp in Sources */,
				8F73A7C91A9EFFCB00B38565 /* Path.cpp in Sources */,
				8F73A7D41A9EFFCB00B38565 /* NewBox.cpp in Sources */,
				8F73A7C71A9EFFCB00B38565 /* Color.cpp in Sources */,
				8F73A7D01A9EFFCB00B38565 /* Writer.cpp in Sources */,
				8F73A7C41A9EFFCB00B38565 /* Default.cpp in Sources */,
				8F73A7C01A9EFFCB00B38565 /* DspIo.cpp in Sources */,
				8F73A7E21A9EFFCB00B38565 /* Patcher.cpp in Sources */,
				8F73A7C31A9EFFCB00B38565 /* Attribute.cpp in Sources */,
				8F73A7CD1A9EFFCB00B38565 /* Keyboarder.cpp in Sources */,
				8F73A7BF1A9EFFCB00B38565 /* DspGenerator.cpp in Sources */,
				8F73A7CA1A9EFFCB00B38565 /* Point.cpp in Sources */,
				8F73A7BB1A9EFFCB00B38565 /* DspIoput.cpp in Sources */,
				8F73A7B51A9EFFCB00B38565 /* Clock.cpp in Sources */,
				8F73A7DD1A9EFFCB00B38565 /* Gui.cpp in Sources */,
				8F73A7CE1A9EFFCB00B38565 /* Mouser.cpp in Sources */,
				8F73A7BC1A9EFFCB00B38565 /* DspNode.cpp in Sources */,
				8F73A7C51A9EFFCB00B38565 /* Graphic.cpp in Sources */,
				8F73A7271A9EFFC000B38565 /* main.cpp in Sources */,
				8F73A7CC1A9EFFCB00B38565 /* TextLayout.cpp in Sources */,
				8F73A7CB1A9EFFCB00B38565 /* Rectangle.cpp in Sources */,
				8F73A7C11A9EFFCB00B38565 /* DspMath.cpp in Sources */,
				8F73A7BE1A9EFFCB00B38565 /* DspPortAudio.cpp in Sources */,
				8F73A7CF1A9EFFCB00B38565 /* Sketcher.cpp in Sources */,
				8F73A7E01A9EFFCB00B38565 /* Instance.cpp in Sources */,
				8F73A7D11A9EFFCB00B38565 /* Classic.cpp in Sources */,
				8F73A7BA1A9EFFCB00B38565 /* DspDevice.cpp in Sources */,
			);
			runOnlyForDeploymentPostprocessing = 0;
		};
/* End PBXSourcesBuildPhase section */

/* Begin XCBuildConfiguration section */
		8F41B4661A7E3C640067E122 /* Debug */ = {
			isa = XCBuildConfiguration;
			buildSettings = {
				ALWAYS_SEARCH_USER_PATHS = NO;
				CLANG_CXX_LANGUAGE_STANDARD = "gnu++0x";
				CLANG_CXX_LIBRARY = "libc++";
				CLANG_ENABLE_MODULES = YES;
				CLANG_ENABLE_OBJC_ARC = YES;
				CLANG_WARN_BOOL_CONVERSION = YES;
				CLANG_WARN_CONSTANT_CONVERSION = YES;
				CLANG_WARN_DIRECT_OBJC_ISA_USAGE = YES_ERROR;
				CLANG_WARN_EMPTY_BODY = YES;
				CLANG_WARN_ENUM_CONVERSION = YES;
				CLANG_WARN_INT_CONVERSION = YES;
				CLANG_WARN_OBJC_ROOT_CLASS = YES_ERROR;
				CLANG_WARN_UNREACHABLE_CODE = YES;
				CLANG_WARN__DUPLICATE_METHOD_MATCH = YES;
				COPY_PHASE_STRIP = NO;
				ENABLE_STRICT_OBJC_MSGSEND = YES;
				GCC_C_LANGUAGE_STANDARD = gnu99;
				GCC_DYNAMIC_NO_PIC = NO;
				GCC_OPTIMIZATION_LEVEL = 0;
				GCC_PREPROCESSOR_DEFINITIONS = (
					"DEBUG=1",
					"$(inherited)",
				);
				GCC_SYMBOLS_PRIVATE_EXTERN = NO;
				GCC_WARN_64_TO_32_BIT_CONVERSION = YES;
				GCC_WARN_ABOUT_RETURN_TYPE = YES_ERROR;
				GCC_WARN_UNDECLARED_SELECTOR = YES;
				GCC_WARN_UNINITIALIZED_AUTOS = YES_AGGRESSIVE;
				GCC_WARN_UNUSED_FUNCTION = YES;
				GCC_WARN_UNUSED_VARIABLE = YES;
				MACOSX_DEPLOYMENT_TARGET = 10.10;
				MTL_ENABLE_DEBUG_INFO = YES;
				ONLY_ACTIVE_ARCH = YES;
				SDKROOT = macosx;
			};
			name = Debug;
		};
		8F41B4671A7E3C640067E122 /* Release */ = {
			isa = XCBuildConfiguration;
			buildSettings = {
				ALWAYS_SEARCH_USER_PATHS = NO;
				CLANG_CXX_LANGUAGE_STANDARD = "gnu++0x";
				CLANG_CXX_LIBRARY = "libc++";
				CLANG_ENABLE_MODULES = YES;
				CLANG_ENABLE_OBJC_ARC = YES;
				CLANG_WARN_BOOL_CONVERSION = YES;
				CLANG_WARN_CONSTANT_CONVERSION = YES;
				CLANG_WARN_DIRECT_OBJC_ISA_USAGE = YES_ERROR;
				CLANG_WARN_EMPTY_BODY = YES;
				CLANG_WARN_ENUM_CONVERSION = YES;
				CLANG_WARN_INT_CONVERSION = YES;
				CLANG_WARN_OBJC_ROOT_CLASS = YES_ERROR;
				CLANG_WARN_UNREACHABLE_CODE = YES;
				CLANG_WARN__DUPLICATE_METHOD_MATCH = YES;
				COPY_PHASE_STRIP = YES;
				DEBUG_INFORMATION_FORMAT = "dwarf-with-dsym";
				ENABLE_NS_ASSERTIONS = NO;
				ENABLE_STRICT_OBJC_MSGSEND = YES;
				GCC_C_LANGUAGE_STANDARD = gnu99;
				GCC_WARN_64_TO_32_BIT_CONVERSION = YES;
				GCC_WARN_ABOUT_RETURN_TYPE = YES_ERROR;
				GCC_WARN_UNDECLARED_SELECTOR = YES;
				GCC_WARN_UNINITIALIZED_AUTOS = YES_AGGRESSIVE;
				GCC_WARN_UNUSED_FUNCTION = YES;
				GCC_WARN_UNUSED_VARIABLE = YES;
				MACOSX_DEPLOYMENT_TARGET = 10.10;
				MTL_ENABLE_DEBUG_INFO = NO;
				SDKROOT = macosx;
			};
			name = Release;
		};
		8F41B4691A7E3C640067E122 /* Debug */ = {
			isa = XCBuildConfiguration;
			buildSettings = {
				ALWAYS_SEARCH_USER_PATHS = NO;
				DEPLOYMENT_LOCATION = NO;
				EXECUTABLE_EXTENSION = .exe;
				GCC_PREPROCESSOR_DEFINITIONS = (
					"DEBUG=1",
					"$(inherited)",
					"__KIWI_VERBOSE__=1",
				);
				HEADER_SEARCH_PATHS = (
					"$(inherited)",
					/Applications/Xcode.app/Contents/Developer/Toolchains/XcodeDefault.xctoolchain/usr/include,
					../ThirdParty/PortAudio/include/,
				);
				INSTALL_PATH = ./ExPatcherPA/Build/Debug/;
				LIBRARY_SEARCH_PATHS = (
					"$(inherited)",
					../ThirdParty/PortAudio/lib/.libs,
					/Users/Pierre/GitHub/KiwiExamples/ThirdParty/PortAudio/lib/.libs,
				);
				OTHER_LDFLAGS = "";
				PRODUCT_NAME = ExPatcherPA;
				SYMROOT = ./ExPatcherPA/Build/Debug/;
				WRAPPER_EXTENSION = .exe;
			};
			name = Debug;
		};
		8F41B46A1A7E3C640067E122 /* Release */ = {
			isa = XCBuildConfiguration;
			buildSettings = {
				ALWAYS_SEARCH_USER_PATHS = NO;
				DEPLOYMENT_LOCATION = NO;
				EXECUTABLE_EXTENSION = .exe;
				HEADER_SEARCH_PATHS = (
					"$(inherited)",
					/Applications/Xcode.app/Contents/Developer/Toolchains/XcodeDefault.xctoolchain/usr/include,
					../ThirdParty/PortAudio/include/,
				);
				INSTALL_PATH = ./ExPatcherPA/Build/Release/;
				LIBRARY_SEARCH_PATHS = (
					"$(inherited)",
					../ThirdParty/PortAudio/lib/.libs,
					/Users/Pierre/GitHub/KiwiExamples/ThirdParty/PortAudio/lib/.libs,
				);
				OTHER_LDFLAGS = "";
				PRODUCT_NAME = ExPatcherPA;
				SYMROOT = ./ExPatcherPA/Build/Release/;
				WRAPPER_EXTENSION = .exe;
			};
			name = Release;
		};
/* End XCBuildConfiguration section */

/* Begin XCConfigurationList section */
		8F41B45C1A7E3C640067E122 /* Build configuration list for PBXProject "ExPatcherPA" */ = {
			isa = XCConfigurationList;
			buildConfigurations = (
				8F41B4661A7E3C640067E122 /* Debug */,
				8F41B4671A7E3C640067E122 /* Release */,
			);
			defaultConfigurationIsVisible = 0;
			defaultConfigurationName = Release;
		};
		8F41B4681A7E3C640067E122 /* Build configuration list for PBXNativeTarget "ExPatcherPA" */ = {
			isa = XCConfigurationList;
			buildConfigurations = (
				8F41B4691A7E3C640067E122 /* Debug */,
				8F41B46A1A7E3C640067E122 /* Release */,
			);
			defaultConfigurationIsVisible = 0;
			defaultConfigurationName = Release;
		};
/* End XCConfigurationList section */
	};
	rootObject = 8F41B4591A7E3C640067E122 /* Project object */;
}
