// !$*UTF8*$!
{
	archiveVersion = 1;
	classes = {
	};
	objectVersion = 46;
	objects = {

/* Begin PBXBuildFile section */
		8F8365E21A9640E600465DA8 /* Accelerate.framework in Frameworks */ = {isa = PBXBuildFile; fileRef = 8F8365DD1A9640E600465DA8 /* Accelerate.framework */; };
		8F8365E31A9640E600465DA8 /* AudioToolbox.framework in Frameworks */ = {isa = PBXBuildFile; fileRef = 8F8365DE1A9640E600465DA8 /* AudioToolbox.framework */; };
		8F8365E41A9640E600465DA8 /* AudioUnit.framework in Frameworks */ = {isa = PBXBuildFile; fileRef = 8F8365DF1A9640E600465DA8 /* AudioUnit.framework */; };
		8F8365E51A9640E600465DA8 /* CoreAudio.framework in Frameworks */ = {isa = PBXBuildFile; fileRef = 8F8365E01A9640E600465DA8 /* CoreAudio.framework */; };
		8F8366111A9694E500465DA8 /* Carbon.framework in Frameworks */ = {isa = PBXBuildFile; fileRef = 8F8366101A9694E500465DA8 /* Carbon.framework */; };
		8F89024A1AA99EF500DCA989 /* KiwiDspSignal.cpp in Sources */ = {isa = PBXBuildFile; fileRef = 8F8902491AA99EF500DCA989 /* KiwiDspSignal.cpp */; };
		8F89024D1AA9C60800DCA989 /* KiwiDspExpr.cpp in Sources */ = {isa = PBXBuildFile; fileRef = 8F89024B1AA9C60800DCA989 /* KiwiDspExpr.cpp */; };
		8FBDF75D1ACD848B00AB1975 /* KiwiAttr.cpp in Sources */ = {isa = PBXBuildFile; fileRef = 8FBDF7251ACD848B00AB1975 /* KiwiAttr.cpp */; };
		8FBDF75E1ACD848B00AB1975 /* KiwiAttrDefault.cpp in Sources */ = {isa = PBXBuildFile; fileRef = 8FBDF7271ACD848B00AB1975 /* KiwiAttrDefault.cpp */; };
		8FBDF75F1ACD848B00AB1975 /* KiwiAttrGraphic.cpp in Sources */ = {isa = PBXBuildFile; fileRef = 8FBDF7291ACD848B00AB1975 /* KiwiAttrGraphic.cpp */; };
		8FBDF7601ACD848B00AB1975 /* KiwiColor.cpp in Sources */ = {isa = PBXBuildFile; fileRef = 8FBDF72D1ACD848B00AB1975 /* KiwiColor.cpp */; };
		8FBDF7611ACD848B00AB1975 /* KiwiFont.cpp in Sources */ = {isa = PBXBuildFile; fileRef = 8FBDF72F1ACD848B00AB1975 /* KiwiFont.cpp */; };
		8FBDF7621ACD848B00AB1975 /* KiwiPath.cpp in Sources */ = {isa = PBXBuildFile; fileRef = 8FBDF7321ACD848B00AB1975 /* KiwiPath.cpp */; };
		8FBDF7631ACD848B00AB1975 /* KiwiPoint.cpp in Sources */ = {isa = PBXBuildFile; fileRef = 8FBDF7341ACD848B00AB1975 /* KiwiPoint.cpp */; };
		8FBDF7641ACD848B00AB1975 /* KiwiRectangle.cpp in Sources */ = {isa = PBXBuildFile; fileRef = 8FBDF7361ACD848B00AB1975 /* KiwiRectangle.cpp */; };
		8FBDF7651ACD848B00AB1975 /* KiwiKeyboarder.cpp in Sources */ = {isa = PBXBuildFile; fileRef = 8FBDF73A1ACD848B00AB1975 /* KiwiKeyboarder.cpp */; };
		8FBDF7661ACD848B00AB1975 /* KiwiMouser.cpp in Sources */ = {isa = PBXBuildFile; fileRef = 8FBDF73C1ACD848B00AB1975 /* KiwiMouser.cpp */; };
		8FBDF7671ACD848B00AB1975 /* KiwiSketcher.cpp in Sources */ = {isa = PBXBuildFile; fileRef = 8FBDF73E1ACD848B00AB1975 /* KiwiSketcher.cpp */; };
		8FBDF7681ACD848B00AB1975 /* KiwiWriter.cpp in Sources */ = {isa = PBXBuildFile; fileRef = 8FBDF7401ACD848B00AB1975 /* KiwiWriter.cpp */; };
		8FBDF7691ACD848B00AB1975 /* KiwiGuiDevice.cpp in Sources */ = {isa = PBXBuildFile; fileRef = 8FBDF7431ACD848B00AB1975 /* KiwiGuiDevice.cpp */; };
		8FBDF76A1ACD848B00AB1975 /* KiwiGuiLink.cpp in Sources */ = {isa = PBXBuildFile; fileRef = 8FBDF7451ACD848B00AB1975 /* KiwiGuiLink.cpp */; };
		8FBDF76B1ACD848B00AB1975 /* KiwiGuiObject.cpp in Sources */ = {isa = PBXBuildFile; fileRef = 8FBDF7481ACD848B00AB1975 /* KiwiGuiObject.cpp */; };
		8FBDF76C1ACD848B00AB1975 /* KiwiGuiPatcher.cpp in Sources */ = {isa = PBXBuildFile; fileRef = 8FBDF74A1ACD848B00AB1975 /* KiwiGuiPatcher.cpp */; };
		8FBDF76D1ACD848B00AB1975 /* KiwiGuiPatchManager.cpp in Sources */ = {isa = PBXBuildFile; fileRef = 8FBDF74C1ACD848B00AB1975 /* KiwiGuiPatchManager.cpp */; };
		8FBDF76E1ACD848B00AB1975 /* KiwiGuiClassic.cpp in Sources */ = {isa = PBXBuildFile; fileRef = 8FBDF74F1ACD848B00AB1975 /* KiwiGuiClassic.cpp */; };
		8FBDF76F1ACD848B00AB1975 /* KiwiGuiMajor.cpp in Sources */ = {isa = PBXBuildFile; fileRef = 8FBDF7511ACD848B00AB1975 /* KiwiGuiMajor.cpp */; };
		8FBDF7701ACD848B00AB1975 /* KiwiLinkView.cpp in Sources */ = {isa = PBXBuildFile; fileRef = 8FBDF7571ACD848B00AB1975 /* KiwiLinkView.cpp */; };
		8FBDF7711ACD848B00AB1975 /* KiwiObjectView.cpp in Sources */ = {isa = PBXBuildFile; fileRef = 8FBDF7591ACD848B00AB1975 /* KiwiObjectView.cpp */; };
		8FBDF7721ACD848B00AB1975 /* KiwiPatcherView.cpp in Sources */ = {isa = PBXBuildFile; fileRef = 8FBDF75B1ACD848B00AB1975 /* KiwiPatcherView.cpp */; };
		8FD4696C1A9F648A00EC3487 /* Main.cpp in Sources */ = {isa = PBXBuildFile; fileRef = 8FD4696B1A9F648A00EC3487 /* Main.cpp */; };
		8FD469EF1A9F649300EC3487 /* KiwiAtom.cpp in Sources */ = {isa = PBXBuildFile; fileRef = 8FD469711A9F649300EC3487 /* KiwiAtom.cpp */; };
		8FD469F01A9F649300EC3487 /* KiwiBeacon.cpp in Sources */ = {isa = PBXBuildFile; fileRef = 8FD469731A9F649300EC3487 /* KiwiBeacon.cpp */; };
		8FD469F11A9F649300EC3487 /* KiwiClock.cpp in Sources */ = {isa = PBXBuildFile; fileRef = 8FD469751A9F649300EC3487 /* KiwiClock.cpp */; };
		8FD469F21A9F649300EC3487 /* KiwiTag.cpp in Sources */ = {isa = PBXBuildFile; fileRef = 8FD469781A9F649300EC3487 /* KiwiTag.cpp */; };
		8FD469F41A9F649300EC3487 /* KiwiDspChain.cpp in Sources */ = {isa = PBXBuildFile; fileRef = 8FD469811A9F649300EC3487 /* KiwiDspChain.cpp */; };
		8FD469F51A9F649300EC3487 /* KiwiDspContext.cpp in Sources */ = {isa = PBXBuildFile; fileRef = 8FD469831A9F649300EC3487 /* KiwiDspContext.cpp */; };
		8FD469F61A9F649300EC3487 /* KiwiDspDevice.cpp in Sources */ = {isa = PBXBuildFile; fileRef = 8FD469851A9F649300EC3487 /* KiwiDspDevice.cpp */; };
		8FD469F71A9F649300EC3487 /* KiwiDspIoput.cpp in Sources */ = {isa = PBXBuildFile; fileRef = 8FD469881A9F649300EC3487 /* KiwiDspIoput.cpp */; };
		8FD469F81A9F649300EC3487 /* KiwiDspNode.cpp in Sources */ = {isa = PBXBuildFile; fileRef = 8FD4698B1A9F649300EC3487 /* KiwiDspNode.cpp */; };
		8FD469F91A9F649300EC3487 /* KiwiDspGenerator.cpp in Sources */ = {isa = PBXBuildFile; fileRef = 8FD4698F1A9F649300EC3487 /* KiwiDspGenerator.cpp */; };
		8FD469FA1A9F649300EC3487 /* KiwiDspIo.cpp in Sources */ = {isa = PBXBuildFile; fileRef = 8FD469911A9F649300EC3487 /* KiwiDspIo.cpp */; };
		8FD469FB1A9F649300EC3487 /* KiwiDspMath.cpp in Sources */ = {isa = PBXBuildFile; fileRef = 8FD469931A9F649300EC3487 /* KiwiDspMath.cpp */; };
		8FD46A0D1A9F649300EC3487 /* KiwiObjectsBasicDefault.cpp in Sources */ = {isa = PBXBuildFile; fileRef = 8FD469C81A9F649300EC3487 /* KiwiObjectsBasicDefault.cpp */; };
		8FD46A0E1A9F649300EC3487 /* KiwiObjectsDspGenerator.cpp in Sources */ = {isa = PBXBuildFile; fileRef = 8FD469CC1A9F649300EC3487 /* KiwiObjectsDspGenerator.cpp */; };
		8FD46A0F1A9F649300EC3487 /* KiwiObjectsDspIo.cpp in Sources */ = {isa = PBXBuildFile; fileRef = 8FD469CE1A9F649300EC3487 /* KiwiObjectsDspIo.cpp */; };
		8FD46A101A9F649300EC3487 /* KiwiObjectsGuiClassic.cpp in Sources */ = {isa = PBXBuildFile; fileRef = 8FD469D21A9F649300EC3487 /* KiwiObjectsGuiClassic.cpp */; };
		8FD46A121A9F649300EC3487 /* KiwiConsole.cpp in Sources */ = {isa = PBXBuildFile; fileRef = 8FD469D81A9F649300EC3487 /* KiwiConsole.cpp */; };
		8FD46A131A9F649300EC3487 /* KiwiInstance.cpp in Sources */ = {isa = PBXBuildFile; fileRef = 8FD469DA1A9F649300EC3487 /* KiwiInstance.cpp */; };
		8FD46A141A9F649300EC3487 /* KiwiLink.cpp in Sources */ = {isa = PBXBuildFile; fileRef = 8FD469DC1A9F649300EC3487 /* KiwiLink.cpp */; };
		8FD46A151A9F649300EC3487 /* KiwiObject.cpp in Sources */ = {isa = PBXBuildFile; fileRef = 8FD469DE1A9F649300EC3487 /* KiwiObject.cpp */; };
		8FD46A161A9F649300EC3487 /* KiwiPatch.cpp in Sources */ = {isa = PBXBuildFile; fileRef = 8FD469E01A9F649300EC3487 /* KiwiPatch.cpp */; };
		8FD46A181A9F649300EC3487 /* KiwiDspJuce.cpp in Sources */ = {isa = PBXBuildFile; fileRef = 8FD469E61A9F649300EC3487 /* KiwiDspJuce.cpp */; };
		8FD46A191A9F649300EC3487 /* KiwiDspPortAudio.cpp in Sources */ = {isa = PBXBuildFile; fileRef = 8FD469E81A9F649300EC3487 /* KiwiDspPortAudio.cpp */; };
		8FD46A1F1A9F654400EC3487 /* libportaudio.a in Frameworks */ = {isa = PBXBuildFile; fileRef = 8FD46A1E1A9F654400EC3487 /* libportaudio.a */; };
/* End PBXBuildFile section */

/* Begin PBXCopyFilesBuildPhase section */
		8F8365D11A9640BE00465DA8 /* CopyFiles */ = {
			isa = PBXCopyFilesBuildPhase;
			buildActionMask = 2147483647;
			dstPath = /usr/share/man/man1/;
			dstSubfolderSpec = 0;
			files = (
			);
			runOnlyForDeploymentPostprocessing = 1;
		};
/* End PBXCopyFilesBuildPhase section */

/* Begin PBXFileReference section */
		8F8365D31A9640BE00465DA8 /* ExDspPA */ = {isa = PBXFileReference; explicitFileType = "compiled.mach-o.executable"; includeInIndex = 0; path = ExDspPA; sourceTree = BUILT_PRODUCTS_DIR; };
		8F8365DD1A9640E600465DA8 /* Accelerate.framework */ = {isa = PBXFileReference; lastKnownFileType = wrapper.framework; name = Accelerate.framework; path = System/Library/Frameworks/Accelerate.framework; sourceTree = SDKROOT; };
		8F8365DE1A9640E600465DA8 /* AudioToolbox.framework */ = {isa = PBXFileReference; lastKnownFileType = wrapper.framework; name = AudioToolbox.framework; path = System/Library/Frameworks/AudioToolbox.framework; sourceTree = SDKROOT; };
		8F8365DF1A9640E600465DA8 /* AudioUnit.framework */ = {isa = PBXFileReference; lastKnownFileType = wrapper.framework; name = AudioUnit.framework; path = System/Library/Frameworks/AudioUnit.framework; sourceTree = SDKROOT; };
		8F8365E01A9640E600465DA8 /* CoreAudio.framework */ = {isa = PBXFileReference; lastKnownFileType = wrapper.framework; name = CoreAudio.framework; path = System/Library/Frameworks/CoreAudio.framework; sourceTree = SDKROOT; };
		8F8365E11A9640E600465DA8 /* CoreAudioKit.framework */ = {isa = PBXFileReference; lastKnownFileType = wrapper.framework; name = CoreAudioKit.framework; path = System/Library/Frameworks/CoreAudioKit.framework; sourceTree = SDKROOT; };
		8F8366101A9694E500465DA8 /* Carbon.framework */ = {isa = PBXFileReference; lastKnownFileType = wrapper.framework; name = Carbon.framework; path = System/Library/Frameworks/Carbon.framework; sourceTree = SDKROOT; };
		8F8902491AA99EF500DCA989 /* KiwiDspSignal.cpp */ = {isa = PBXFileReference; fileEncoding = 4; lastKnownFileType = sourcecode.cpp.cpp; path = KiwiDspSignal.cpp; sourceTree = "<group>"; };
		8F89024B1AA9C60800DCA989 /* KiwiDspExpr.cpp */ = {isa = PBXFileReference; fileEncoding = 4; lastKnownFileType = sourcecode.cpp.cpp; path = KiwiDspExpr.cpp; sourceTree = "<group>"; };
		8F89024C1AA9C60800DCA989 /* KiwiDspExpr.h */ = {isa = PBXFileReference; fileEncoding = 4; lastKnownFileType = sourcecode.c.h; path = KiwiDspExpr.h; sourceTree = "<group>"; };
		8FBDF7251ACD848B00AB1975 /* KiwiAttr.cpp */ = {isa = PBXFileReference; fileEncoding = 4; lastKnownFileType = sourcecode.cpp.cpp; path = KiwiAttr.cpp; sourceTree = "<group>"; };
		8FBDF7261ACD848B00AB1975 /* KiwiAttr.h */ = {isa = PBXFileReference; fileEncoding = 4; lastKnownFileType = sourcecode.c.h; path = KiwiAttr.h; sourceTree = "<group>"; };
		8FBDF7271ACD848B00AB1975 /* KiwiAttrDefault.cpp */ = {isa = PBXFileReference; fileEncoding = 4; lastKnownFileType = sourcecode.cpp.cpp; path = KiwiAttrDefault.cpp; sourceTree = "<group>"; };
		8FBDF7281ACD848B00AB1975 /* KiwiAttrDefault.h */ = {isa = PBXFileReference; fileEncoding = 4; lastKnownFileType = sourcecode.c.h; path = KiwiAttrDefault.h; sourceTree = "<group>"; };
		8FBDF7291ACD848B00AB1975 /* KiwiAttrGraphic.cpp */ = {isa = PBXFileReference; fileEncoding = 4; lastKnownFileType = sourcecode.cpp.cpp; path = KiwiAttrGraphic.cpp; sourceTree = "<group>"; };
		8FBDF72A1ACD848B00AB1975 /* KiwiAttrGraphic.h */ = {isa = PBXFileReference; fileEncoding = 4; lastKnownFileType = sourcecode.c.h; path = KiwiAttrGraphic.h; sourceTree = "<group>"; };
		8FBDF72B1ACD848B00AB1975 /* KiwiAttributes.h */ = {isa = PBXFileReference; fileEncoding = 4; lastKnownFileType = sourcecode.c.h; path = KiwiAttributes.h; sourceTree = "<group>"; };
		8FBDF72D1ACD848B00AB1975 /* KiwiColor.cpp */ = {isa = PBXFileReference; fileEncoding = 4; lastKnownFileType = sourcecode.cpp.cpp; path = KiwiColor.cpp; sourceTree = "<group>"; };
		8FBDF72E1ACD848B00AB1975 /* KiwiColor.h */ = {isa = PBXFileReference; fileEncoding = 4; lastKnownFileType = sourcecode.c.h; path = KiwiColor.h; sourceTree = "<group>"; };
		8FBDF72F1ACD848B00AB1975 /* KiwiFont.cpp */ = {isa = PBXFileReference; fileEncoding = 4; lastKnownFileType = sourcecode.cpp.cpp; path = KiwiFont.cpp; sourceTree = "<group>"; };
		8FBDF7301ACD848B00AB1975 /* KiwiFont.h */ = {isa = PBXFileReference; fileEncoding = 4; lastKnownFileType = sourcecode.c.h; path = KiwiFont.h; sourceTree = "<group>"; };
		8FBDF7311ACD848B00AB1975 /* KiwiGraphics.h */ = {isa = PBXFileReference; fileEncoding = 4; lastKnownFileType = sourcecode.c.h; path = KiwiGraphics.h; sourceTree = "<group>"; };
		8FBDF7321ACD848B00AB1975 /* KiwiPath.cpp */ = {isa = PBXFileReference; fileEncoding = 4; lastKnownFileType = sourcecode.cpp.cpp; path = KiwiPath.cpp; sourceTree = "<group>"; };
		8FBDF7331ACD848B00AB1975 /* KiwiPath.h */ = {isa = PBXFileReference; fileEncoding = 4; lastKnownFileType = sourcecode.c.h; path = KiwiPath.h; sourceTree = "<group>"; };
		8FBDF7341ACD848B00AB1975 /* KiwiPoint.cpp */ = {isa = PBXFileReference; fileEncoding = 4; lastKnownFileType = sourcecode.cpp.cpp; path = KiwiPoint.cpp; sourceTree = "<group>"; };
		8FBDF7351ACD848B00AB1975 /* KiwiPoint.h */ = {isa = PBXFileReference; fileEncoding = 4; lastKnownFileType = sourcecode.c.h; path = KiwiPoint.h; sourceTree = "<group>"; };
		8FBDF7361ACD848B00AB1975 /* KiwiRectangle.cpp */ = {isa = PBXFileReference; fileEncoding = 4; lastKnownFileType = sourcecode.cpp.cpp; path = KiwiRectangle.cpp; sourceTree = "<group>"; };
		8FBDF7371ACD848B00AB1975 /* KiwiRectangle.h */ = {isa = PBXFileReference; fileEncoding = 4; lastKnownFileType = sourcecode.c.h; path = KiwiRectangle.h; sourceTree = "<group>"; };
		8FBDF7391ACD848B00AB1975 /* KiwiGuiEvents.h */ = {isa = PBXFileReference; fileEncoding = 4; lastKnownFileType = sourcecode.c.h; path = KiwiGuiEvents.h; sourceTree = "<group>"; };
		8FBDF73A1ACD848B00AB1975 /* KiwiKeyboarder.cpp */ = {isa = PBXFileReference; fileEncoding = 4; lastKnownFileType = sourcecode.cpp.cpp; path = KiwiKeyboarder.cpp; sourceTree = "<group>"; };
		8FBDF73B1ACD848B00AB1975 /* KiwiKeyboarder.h */ = {isa = PBXFileReference; fileEncoding = 4; lastKnownFileType = sourcecode.c.h; path = KiwiKeyboarder.h; sourceTree = "<group>"; };
		8FBDF73C1ACD848B00AB1975 /* KiwiMouser.cpp */ = {isa = PBXFileReference; fileEncoding = 4; lastKnownFileType = sourcecode.cpp.cpp; path = KiwiMouser.cpp; sourceTree = "<group>"; };
		8FBDF73D1ACD848B00AB1975 /* KiwiMouser.h */ = {isa = PBXFileReference; fileEncoding = 4; lastKnownFileType = sourcecode.c.h; path = KiwiMouser.h; sourceTree = "<group>"; };
		8FBDF73E1ACD848B00AB1975 /* KiwiSketcher.cpp */ = {isa = PBXFileReference; fileEncoding = 4; lastKnownFileType = sourcecode.cpp.cpp; path = KiwiSketcher.cpp; sourceTree = "<group>"; };
		8FBDF73F1ACD848B00AB1975 /* KiwiSketcher.h */ = {isa = PBXFileReference; fileEncoding = 4; lastKnownFileType = sourcecode.c.h; path = KiwiSketcher.h; sourceTree = "<group>"; };
		8FBDF7401ACD848B00AB1975 /* KiwiWriter.cpp */ = {isa = PBXFileReference; fileEncoding = 4; lastKnownFileType = sourcecode.cpp.cpp; path = KiwiWriter.cpp; sourceTree = "<group>"; };
		8FBDF7411ACD848B00AB1975 /* KiwiWriter.h */ = {isa = PBXFileReference; fileEncoding = 4; lastKnownFileType = sourcecode.c.h; path = KiwiWriter.h; sourceTree = "<group>"; };
		8FBDF7431ACD848B00AB1975 /* KiwiGuiDevice.cpp */ = {isa = PBXFileReference; fileEncoding = 4; lastKnownFileType = sourcecode.cpp.cpp; path = KiwiGuiDevice.cpp; sourceTree = "<group>"; };
		8FBDF7441ACD848B00AB1975 /* KiwiGuiDevice.h */ = {isa = PBXFileReference; fileEncoding = 4; lastKnownFileType = sourcecode.c.h; path = KiwiGuiDevice.h; sourceTree = "<group>"; };
		8FBDF7451ACD848B00AB1975 /* KiwiGuiLink.cpp */ = {isa = PBXFileReference; fileEncoding = 4; lastKnownFileType = sourcecode.cpp.cpp; path = KiwiGuiLink.cpp; sourceTree = "<group>"; };
		8FBDF7461ACD848B00AB1975 /* KiwiGuiLink.h */ = {isa = PBXFileReference; fileEncoding = 4; lastKnownFileType = sourcecode.c.h; path = KiwiGuiLink.h; sourceTree = "<group>"; };
		8FBDF7471ACD848B00AB1975 /* KiwiGuiModels.h */ = {isa = PBXFileReference; fileEncoding = 4; lastKnownFileType = sourcecode.c.h; path = KiwiGuiModels.h; sourceTree = "<group>"; };
		8FBDF7481ACD848B00AB1975 /* KiwiGuiObject.cpp */ = {isa = PBXFileReference; fileEncoding = 4; lastKnownFileType = sourcecode.cpp.cpp; path = KiwiGuiObject.cpp; sourceTree = "<group>"; };
		8FBDF7491ACD848B00AB1975 /* KiwiGuiObject.h */ = {isa = PBXFileReference; fileEncoding = 4; lastKnownFileType = sourcecode.c.h; path = KiwiGuiObject.h; sourceTree = "<group>"; };
		8FBDF74A1ACD848B00AB1975 /* KiwiGuiPatcher.cpp */ = {isa = PBXFileReference; fileEncoding = 4; lastKnownFileType = sourcecode.cpp.cpp; path = KiwiGuiPatcher.cpp; sourceTree = "<group>"; };
		8FBDF74B1ACD848B00AB1975 /* KiwiGuiPatcher.h */ = {isa = PBXFileReference; fileEncoding = 4; lastKnownFileType = sourcecode.c.h; path = KiwiGuiPatcher.h; sourceTree = "<group>"; };
		8FBDF74C1ACD848B00AB1975 /* KiwiGuiPatchManager.cpp */ = {isa = PBXFileReference; fileEncoding = 4; lastKnownFileType = sourcecode.cpp.cpp; path = KiwiGuiPatchManager.cpp; sourceTree = "<group>"; };
		8FBDF74D1ACD848B00AB1975 /* KiwiGuiPatchManager.h */ = {isa = PBXFileReference; fileEncoding = 4; lastKnownFileType = sourcecode.c.h; path = KiwiGuiPatchManager.h; sourceTree = "<group>"; };
		8FBDF74F1ACD848B00AB1975 /* KiwiGuiClassic.cpp */ = {isa = PBXFileReference; fileEncoding = 4; lastKnownFileType = sourcecode.cpp.cpp; path = KiwiGuiClassic.cpp; sourceTree = "<group>"; };
		8FBDF7501ACD848B00AB1975 /* KiwiGuiClassic.h */ = {isa = PBXFileReference; fileEncoding = 4; lastKnownFileType = sourcecode.c.h; path = KiwiGuiClassic.h; sourceTree = "<group>"; };
		8FBDF7511ACD848B00AB1975 /* KiwiGuiMajor.cpp */ = {isa = PBXFileReference; fileEncoding = 4; lastKnownFileType = sourcecode.cpp.cpp; path = KiwiGuiMajor.cpp; sourceTree = "<group>"; };
		8FBDF7521ACD848B00AB1975 /* KiwiGuiMajor.h */ = {isa = PBXFileReference; fileEncoding = 4; lastKnownFileType = sourcecode.c.h; path = KiwiGuiMajor.h; sourceTree = "<group>"; };
		8FBDF7531ACD848B00AB1975 /* KiwiGuiModules.h */ = {isa = PBXFileReference; fileEncoding = 4; lastKnownFileType = sourcecode.c.h; path = KiwiGuiModules.h; sourceTree = "<group>"; };
		8FBDF7551ACD848B00AB1975 /* KiwiDefsView.h */ = {isa = PBXFileReference; fileEncoding = 4; lastKnownFileType = sourcecode.c.h; path = KiwiDefsView.h; sourceTree = "<group>"; };
		8FBDF7561ACD848B00AB1975 /* KiwiGuiView.h */ = {isa = PBXFileReference; fileEncoding = 4; lastKnownFileType = sourcecode.c.h; path = KiwiGuiView.h; sourceTree = "<group>"; };
		8FBDF7571ACD848B00AB1975 /* KiwiLinkView.cpp */ = {isa = PBXFileReference; fileEncoding = 4; lastKnownFileType = sourcecode.cpp.cpp; path = KiwiLinkView.cpp; sourceTree = "<group>"; };
		8FBDF7581ACD848B00AB1975 /* KiwiLinkView.h */ = {isa = PBXFileReference; fileEncoding = 4; lastKnownFileType = sourcecode.c.h; path = KiwiLinkView.h; sourceTree = "<group>"; };
		8FBDF7591ACD848B00AB1975 /* KiwiObjectView.cpp */ = {isa = PBXFileReference; fileEncoding = 4; lastKnownFileType = sourcecode.cpp.cpp; path = KiwiObjectView.cpp; sourceTree = "<group>"; };
		8FBDF75A1ACD848B00AB1975 /* KiwiObjectView.h */ = {isa = PBXFileReference; fileEncoding = 4; lastKnownFileType = sourcecode.c.h; path = KiwiObjectView.h; sourceTree = "<group>"; };
		8FBDF75B1ACD848B00AB1975 /* KiwiPatcherView.cpp */ = {isa = PBXFileReference; fileEncoding = 4; lastKnownFileType = sourcecode.cpp.cpp; path = KiwiPatcherView.cpp; sourceTree = "<group>"; };
		8FBDF75C1ACD848B00AB1975 /* KiwiPatcherView.h */ = {isa = PBXFileReference; fileEncoding = 4; lastKnownFileType = sourcecode.c.h; path = KiwiPatcherView.h; sourceTree = "<group>"; };
		8FD4696B1A9F648A00EC3487 /* Main.cpp */ = {isa = PBXFileReference; fileEncoding = 4; lastKnownFileType = sourcecode.cpp.cpp; path = Main.cpp; sourceTree = "<group>"; };
		8FD469711A9F649300EC3487 /* KiwiAtom.cpp */ = {isa = PBXFileReference; fileEncoding = 4; lastKnownFileType = sourcecode.cpp.cpp; path = KiwiAtom.cpp; sourceTree = "<group>"; };
		8FD469721A9F649300EC3487 /* KiwiAtom.h */ = {isa = PBXFileReference; fileEncoding = 4; lastKnownFileType = sourcecode.c.h; path = KiwiAtom.h; sourceTree = "<group>"; };
		8FD469731A9F649300EC3487 /* KiwiBeacon.cpp */ = {isa = PBXFileReference; fileEncoding = 4; lastKnownFileType = sourcecode.cpp.cpp; path = KiwiBeacon.cpp; sourceTree = "<group>"; };
		8FD469741A9F649300EC3487 /* KiwiBeacon.h */ = {isa = PBXFileReference; fileEncoding = 4; lastKnownFileType = sourcecode.c.h; path = KiwiBeacon.h; sourceTree = "<group>"; };
		8FD469751A9F649300EC3487 /* KiwiClock.cpp */ = {isa = PBXFileReference; fileEncoding = 4; lastKnownFileType = sourcecode.cpp.cpp; path = KiwiClock.cpp; sourceTree = "<group>"; };
		8FD469761A9F649300EC3487 /* KiwiClock.h */ = {isa = PBXFileReference; fileEncoding = 4; lastKnownFileType = sourcecode.c.h; path = KiwiClock.h; sourceTree = "<group>"; };
		8FD469771A9F649300EC3487 /* KiwiCore.h */ = {isa = PBXFileReference; fileEncoding = 4; lastKnownFileType = sourcecode.c.h; path = KiwiCore.h; sourceTree = "<group>"; };
		8FD469781A9F649300EC3487 /* KiwiTag.cpp */ = {isa = PBXFileReference; fileEncoding = 4; lastKnownFileType = sourcecode.cpp.cpp; path = KiwiTag.cpp; sourceTree = "<group>"; };
		8FD469791A9F649300EC3487 /* KiwiTag.h */ = {isa = PBXFileReference; fileEncoding = 4; lastKnownFileType = sourcecode.c.h; path = KiwiTag.h; sourceTree = "<group>"; };
		8FD4697A1A9F649300EC3487 /* KiwiTools.h */ = {isa = PBXFileReference; fileEncoding = 4; lastKnownFileType = sourcecode.c.h; path = KiwiTools.h; sourceTree = "<group>"; };
		8FD4697F1A9F649300EC3487 /* KiwiDsp.h */ = {isa = PBXFileReference; fileEncoding = 4; lastKnownFileType = sourcecode.c.h; path = KiwiDsp.h; sourceTree = "<group>"; };
		8FD469811A9F649300EC3487 /* KiwiDspChain.cpp */ = {isa = PBXFileReference; fileEncoding = 4; lastKnownFileType = sourcecode.cpp.cpp; path = KiwiDspChain.cpp; sourceTree = "<group>"; };
		8FD469821A9F649300EC3487 /* KiwiDspChain.h */ = {isa = PBXFileReference; fileEncoding = 4; lastKnownFileType = sourcecode.c.h; path = KiwiDspChain.h; sourceTree = "<group>"; };
		8FD469831A9F649300EC3487 /* KiwiDspContext.cpp */ = {isa = PBXFileReference; fileEncoding = 4; lastKnownFileType = sourcecode.cpp.cpp; path = KiwiDspContext.cpp; sourceTree = "<group>"; };
		8FD469841A9F649300EC3487 /* KiwiDspContext.h */ = {isa = PBXFileReference; fileEncoding = 4; lastKnownFileType = sourcecode.c.h; path = KiwiDspContext.h; sourceTree = "<group>"; };
		8FD469851A9F649300EC3487 /* KiwiDspDevice.cpp */ = {isa = PBXFileReference; fileEncoding = 4; lastKnownFileType = sourcecode.cpp.cpp; path = KiwiDspDevice.cpp; sourceTree = "<group>"; };
		8FD469861A9F649300EC3487 /* KiwiDspDevice.h */ = {isa = PBXFileReference; fileEncoding = 4; lastKnownFileType = sourcecode.c.h; path = KiwiDspDevice.h; sourceTree = "<group>"; };
		8FD469871A9F649300EC3487 /* KiwiDspError.h */ = {isa = PBXFileReference; fileEncoding = 4; lastKnownFileType = sourcecode.c.h; path = KiwiDspError.h; sourceTree = "<group>"; };
		8FD469881A9F649300EC3487 /* KiwiDspIoput.cpp */ = {isa = PBXFileReference; fileEncoding = 4; lastKnownFileType = sourcecode.cpp.cpp; path = KiwiDspIoput.cpp; sourceTree = "<group>"; };
		8FD469891A9F649300EC3487 /* KiwiDspIoput.h */ = {isa = PBXFileReference; fileEncoding = 4; lastKnownFileType = sourcecode.c.h; path = KiwiDspIoput.h; sourceTree = "<group>"; };
		8FD4698A1A9F649300EC3487 /* KiwiDspModels.h */ = {isa = PBXFileReference; fileEncoding = 4; lastKnownFileType = sourcecode.c.h; path = KiwiDspModels.h; sourceTree = "<group>"; };
		8FD4698B1A9F649300EC3487 /* KiwiDspNode.cpp */ = {isa = PBXFileReference; fileEncoding = 4; lastKnownFileType = sourcecode.cpp.cpp; path = KiwiDspNode.cpp; sourceTree = "<group>"; };
		8FD4698C1A9F649300EC3487 /* KiwiDspNode.h */ = {isa = PBXFileReference; fileEncoding = 4; lastKnownFileType = sourcecode.c.h; path = KiwiDspNode.h; sourceTree = "<group>"; };
		8FD4698D1A9F649300EC3487 /* KiwiDspSignal.h */ = {isa = PBXFileReference; fileEncoding = 4; lastKnownFileType = sourcecode.c.h; path = KiwiDspSignal.h; sourceTree = "<group>"; };
		8FD4698F1A9F649300EC3487 /* KiwiDspGenerator.cpp */ = {isa = PBXFileReference; fileEncoding = 4; lastKnownFileType = sourcecode.cpp.cpp; path = KiwiDspGenerator.cpp; sourceTree = "<group>"; };
		8FD469901A9F649300EC3487 /* KiwiDspGenerator.h */ = {isa = PBXFileReference; fileEncoding = 4; lastKnownFileType = sourcecode.c.h; path = KiwiDspGenerator.h; sourceTree = "<group>"; };
		8FD469911A9F649300EC3487 /* KiwiDspIo.cpp */ = {isa = PBXFileReference; fileEncoding = 4; lastKnownFileType = sourcecode.cpp.cpp; path = KiwiDspIo.cpp; sourceTree = "<group>"; };
		8FD469921A9F649300EC3487 /* KiwiDspIo.h */ = {isa = PBXFileReference; fileEncoding = 4; lastKnownFileType = sourcecode.c.h; path = KiwiDspIo.h; sourceTree = "<group>"; };
		8FD469931A9F649300EC3487 /* KiwiDspMath.cpp */ = {isa = PBXFileReference; fileEncoding = 4; lastKnownFileType = sourcecode.cpp.cpp; path = KiwiDspMath.cpp; sourceTree = "<group>"; };
		8FD469941A9F649300EC3487 /* KiwiDspMath.h */ = {isa = PBXFileReference; fileEncoding = 4; lastKnownFileType = sourcecode.c.h; path = KiwiDspMath.h; sourceTree = "<group>"; };
		8FD469951A9F649300EC3487 /* KiwiDspModules.h */ = {isa = PBXFileReference; fileEncoding = 4; lastKnownFileType = sourcecode.c.h; path = KiwiDspModules.h; sourceTree = "<group>"; };
		8FD469B11A9F649300EC3487 /* KiwiGui.h */ = {isa = PBXFileReference; fileEncoding = 4; lastKnownFileType = sourcecode.c.h; path = KiwiGui.h; sourceTree = "<group>"; };
		8FD469C31A9F649300EC3487 /* KiwiModules.h */ = {isa = PBXFileReference; fileEncoding = 4; lastKnownFileType = sourcecode.c.h; path = KiwiModules.h; sourceTree = "<group>"; };
		8FD469C51A9F649300EC3487 /* KiwiObjects.h */ = {isa = PBXFileReference; fileEncoding = 4; lastKnownFileType = sourcecode.c.h; path = KiwiObjects.h; sourceTree = "<group>"; };
		8FD469C71A9F649300EC3487 /* KiwiObjectsBasic.h */ = {isa = PBXFileReference; fileEncoding = 4; lastKnownFileType = sourcecode.c.h; path = KiwiObjectsBasic.h; sourceTree = "<group>"; };
		8FD469C81A9F649300EC3487 /* KiwiObjectsBasicDefault.cpp */ = {isa = PBXFileReference; fileEncoding = 4; lastKnownFileType = sourcecode.cpp.cpp; path = KiwiObjectsBasicDefault.cpp; sourceTree = "<group>"; };
		8FD469C91A9F649300EC3487 /* KiwiObjectsBasicDefault.h */ = {isa = PBXFileReference; fileEncoding = 4; lastKnownFileType = sourcecode.c.h; path = KiwiObjectsBasicDefault.h; sourceTree = "<group>"; };
		8FD469CB1A9F649300EC3487 /* KiwiObjectsDsp.h */ = {isa = PBXFileReference; fileEncoding = 4; lastKnownFileType = sourcecode.c.h; path = KiwiObjectsDsp.h; sourceTree = "<group>"; };
		8FD469CC1A9F649300EC3487 /* KiwiObjectsDspGenerator.cpp */ = {isa = PBXFileReference; fileEncoding = 4; lastKnownFileType = sourcecode.cpp.cpp; path = KiwiObjectsDspGenerator.cpp; sourceTree = "<group>"; };
		8FD469CD1A9F649300EC3487 /* KiwiObjectsDspGenerator.h */ = {isa = PBXFileReference; fileEncoding = 4; lastKnownFileType = sourcecode.c.h; path = KiwiObjectsDspGenerator.h; sourceTree = "<group>"; };
		8FD469CE1A9F649300EC3487 /* KiwiObjectsDspIo.cpp */ = {isa = PBXFileReference; fileEncoding = 4; lastKnownFileType = sourcecode.cpp.cpp; path = KiwiObjectsDspIo.cpp; sourceTree = "<group>"; };
		8FD469CF1A9F649300EC3487 /* KiwiObjectsDspIo.h */ = {isa = PBXFileReference; fileEncoding = 4; lastKnownFileType = sourcecode.c.h; path = KiwiObjectsDspIo.h; sourceTree = "<group>"; };
		8FD469D11A9F649300EC3487 /* KiwiObjectsGui.h */ = {isa = PBXFileReference; fileEncoding = 4; lastKnownFileType = sourcecode.c.h; path = KiwiObjectsGui.h; sourceTree = "<group>"; };
		8FD469D21A9F649300EC3487 /* KiwiObjectsGuiClassic.cpp */ = {isa = PBXFileReference; fileEncoding = 4; lastKnownFileType = sourcecode.cpp.cpp; path = KiwiObjectsGuiClassic.cpp; sourceTree = "<group>"; };
		8FD469D31A9F649300EC3487 /* KiwiObjectsGuiClassic.h */ = {isa = PBXFileReference; fileEncoding = 4; lastKnownFileType = sourcecode.c.h; path = KiwiObjectsGuiClassic.h; sourceTree = "<group>"; };
		8FD469D61A9F649300EC3487 /* .gitignore */ = {isa = PBXFileReference; fileEncoding = 4; lastKnownFileType = text; path = .gitignore; sourceTree = "<group>"; };
		8FD469D71A9F649300EC3487 /* .gitmodules */ = {isa = PBXFileReference; fileEncoding = 4; lastKnownFileType = text; path = .gitmodules; sourceTree = "<group>"; };
		8FD469D81A9F649300EC3487 /* KiwiConsole.cpp */ = {isa = PBXFileReference; fileEncoding = 4; lastKnownFileType = sourcecode.cpp.cpp; path = KiwiConsole.cpp; sourceTree = "<group>"; };
		8FD469D91A9F649300EC3487 /* KiwiConsole.h */ = {isa = PBXFileReference; fileEncoding = 4; lastKnownFileType = sourcecode.c.h; path = KiwiConsole.h; sourceTree = "<group>"; };
		8FD469DA1A9F649300EC3487 /* KiwiInstance.cpp */ = {isa = PBXFileReference; fileEncoding = 4; lastKnownFileType = sourcecode.cpp.cpp; path = KiwiInstance.cpp; sourceTree = "<group>"; };
		8FD469DB1A9F649300EC3487 /* KiwiInstance.h */ = {isa = PBXFileReference; fileEncoding = 4; lastKnownFileType = sourcecode.c.h; path = KiwiInstance.h; sourceTree = "<group>"; };
		8FD469DC1A9F649300EC3487 /* KiwiLink.cpp */ = {isa = PBXFileReference; fileEncoding = 4; lastKnownFileType = sourcecode.cpp.cpp; path = KiwiLink.cpp; sourceTree = "<group>"; };
		8FD469DD1A9F649300EC3487 /* KiwiLink.h */ = {isa = PBXFileReference; fileEncoding = 4; lastKnownFileType = sourcecode.c.h; path = KiwiLink.h; sourceTree = "<group>"; };
		8FD469DE1A9F649300EC3487 /* KiwiObject.cpp */ = {isa = PBXFileReference; fileEncoding = 4; lastKnownFileType = sourcecode.cpp.cpp; path = KiwiObject.cpp; sourceTree = "<group>"; };
		8FD469DF1A9F649300EC3487 /* KiwiObject.h */ = {isa = PBXFileReference; fileEncoding = 4; lastKnownFileType = sourcecode.c.h; path = KiwiObject.h; sourceTree = "<group>"; };
		8FD469E01A9F649300EC3487 /* KiwiPatch.cpp */ = {isa = PBXFileReference; fileEncoding = 4; lastKnownFileType = sourcecode.cpp.cpp; path = KiwiPatch.cpp; sourceTree = "<group>"; };
		8FD469E11A9F649300EC3487 /* KiwiPatch.h */ = {isa = PBXFileReference; fileEncoding = 4; lastKnownFileType = sourcecode.c.h; path = KiwiPatch.h; sourceTree = "<group>"; };
		8FD469E21A9F649300EC3487 /* KiwiPatcher.h */ = {isa = PBXFileReference; fileEncoding = 4; lastKnownFileType = sourcecode.c.h; path = KiwiPatcher.h; sourceTree = "<group>"; };
		8FD469E61A9F649300EC3487 /* KiwiDspJuce.cpp */ = {isa = PBXFileReference; fileEncoding = 4; lastKnownFileType = sourcecode.cpp.cpp; path = KiwiDspJuce.cpp; sourceTree = "<group>"; };
		8FD469E71A9F649300EC3487 /* KiwiDspJuce.h */ = {isa = PBXFileReference; fileEncoding = 4; lastKnownFileType = sourcecode.c.h; path = KiwiDspJuce.h; sourceTree = "<group>"; };
		8FD469E81A9F649300EC3487 /* KiwiDspPortAudio.cpp */ = {isa = PBXFileReference; fileEncoding = 4; lastKnownFileType = sourcecode.cpp.cpp; path = KiwiDspPortAudio.cpp; sourceTree = "<group>"; };
		8FD469E91A9F649300EC3487 /* KiwiDspPortAudio.h */ = {isa = PBXFileReference; fileEncoding = 4; lastKnownFileType = sourcecode.c.h; path = KiwiDspPortAudio.h; sourceTree = "<group>"; };
		8FD469EA1A9F649300EC3487 /* KiwiWrapper.h */ = {isa = PBXFileReference; fileEncoding = 4; lastKnownFileType = sourcecode.c.h; path = KiwiWrapper.h; sourceTree = "<group>"; };
		8FD46A1E1A9F654400EC3487 /* libportaudio.a */ = {isa = PBXFileReference; lastKnownFileType = archive.ar; name = libportaudio.a; path = ../ThirdParty/PortAudio/lib/.libs/libportaudio.a; sourceTree = SOURCE_ROOT; };
/* End PBXFileReference section */

/* Begin PBXFrameworksBuildPhase section */
		8F8365D01A9640BE00465DA8 /* Frameworks */ = {
			isa = PBXFrameworksBuildPhase;
			buildActionMask = 2147483647;
			files = (
				8FD46A1F1A9F654400EC3487 /* libportaudio.a in Frameworks */,
				8F8365E31A9640E600465DA8 /* AudioToolbox.framework in Frameworks */,
				8F8366111A9694E500465DA8 /* Carbon.framework in Frameworks */,
				8F8365E21A9640E600465DA8 /* Accelerate.framework in Frameworks */,
				8F8365E41A9640E600465DA8 /* AudioUnit.framework in Frameworks */,
				8F8365E51A9640E600465DA8 /* CoreAudio.framework in Frameworks */,
			);
			runOnlyForDeploymentPostprocessing = 0;
		};
/* End PBXFrameworksBuildPhase section */

/* Begin PBXGroup section */
		8F8365CA1A9640BE00465DA8 = {
			isa = PBXGroup;
			children = (
				8FD46A1E1A9F654400EC3487 /* libportaudio.a */,
				8F8366101A9694E500465DA8 /* Carbon.framework */,
				8F8365DD1A9640E600465DA8 /* Accelerate.framework */,
				8F8365DE1A9640E600465DA8 /* AudioToolbox.framework */,
				8F8365DF1A9640E600465DA8 /* AudioUnit.framework */,
				8F8365E01A9640E600465DA8 /* CoreAudio.framework */,
				8F8365E11A9640E600465DA8 /* CoreAudioKit.framework */,
				8FD4696A1A9F648A00EC3487 /* Source */,
				8F8365D41A9640BE00465DA8 /* Products */,
			);
			sourceTree = "<group>";
		};
		8F8365D41A9640BE00465DA8 /* Products */ = {
			isa = PBXGroup;
			children = (
				8F8365D31A9640BE00465DA8 /* ExDspPA */,
			);
			name = Products;
			sourceTree = "<group>";
		};
		8FBDF7241ACD848B00AB1975 /* KiwiAttributes */ = {
			isa = PBXGroup;
			children = (
				8FBDF7251ACD848B00AB1975 /* KiwiAttr.cpp */,
				8FBDF7261ACD848B00AB1975 /* KiwiAttr.h */,
				8FBDF7271ACD848B00AB1975 /* KiwiAttrDefault.cpp */,
				8FBDF7281ACD848B00AB1975 /* KiwiAttrDefault.h */,
				8FBDF7291ACD848B00AB1975 /* KiwiAttrGraphic.cpp */,
				8FBDF72A1ACD848B00AB1975 /* KiwiAttrGraphic.h */,
				8FBDF72B1ACD848B00AB1975 /* KiwiAttributes.h */,
			);
			path = KiwiAttributes;
			sourceTree = "<group>";
		};
		8FBDF72C1ACD848B00AB1975 /* KiwiGraphics */ = {
			isa = PBXGroup;
			children = (
				8FBDF72D1ACD848B00AB1975 /* KiwiColor.cpp */,
				8FBDF72E1ACD848B00AB1975 /* KiwiColor.h */,
				8FBDF72F1ACD848B00AB1975 /* KiwiFont.cpp */,
				8FBDF7301ACD848B00AB1975 /* KiwiFont.h */,
				8FBDF7311ACD848B00AB1975 /* KiwiGraphics.h */,
				8FBDF7321ACD848B00AB1975 /* KiwiPath.cpp */,
				8FBDF7331ACD848B00AB1975 /* KiwiPath.h */,
				8FBDF7341ACD848B00AB1975 /* KiwiPoint.cpp */,
				8FBDF7351ACD848B00AB1975 /* KiwiPoint.h */,
				8FBDF7361ACD848B00AB1975 /* KiwiRectangle.cpp */,
				8FBDF7371ACD848B00AB1975 /* KiwiRectangle.h */,
			);
			path = KiwiGraphics;
			sourceTree = "<group>";
		};
		8FBDF7381ACD848B00AB1975 /* KiwiGuiEvents */ = {
			isa = PBXGroup;
			children = (
				8FBDF7391ACD848B00AB1975 /* KiwiGuiEvents.h */,
				8FBDF73A1ACD848B00AB1975 /* KiwiKeyboarder.cpp */,
				8FBDF73B1ACD848B00AB1975 /* KiwiKeyboarder.h */,
				8FBDF73C1ACD848B00AB1975 /* KiwiMouser.cpp */,
				8FBDF73D1ACD848B00AB1975 /* KiwiMouser.h */,
				8FBDF73E1ACD848B00AB1975 /* KiwiSketcher.cpp */,
				8FBDF73F1ACD848B00AB1975 /* KiwiSketcher.h */,
				8FBDF7401ACD848B00AB1975 /* KiwiWriter.cpp */,
				8FBDF7411ACD848B00AB1975 /* KiwiWriter.h */,
			);
			path = KiwiGuiEvents;
			sourceTree = "<group>";
		};
		8FBDF7421ACD848B00AB1975 /* KiwiGuiModels */ = {
			isa = PBXGroup;
			children = (
				8FBDF7431ACD848B00AB1975 /* KiwiGuiDevice.cpp */,
				8FBDF7441ACD848B00AB1975 /* KiwiGuiDevice.h */,
				8FBDF7451ACD848B00AB1975 /* KiwiGuiLink.cpp */,
				8FBDF7461ACD848B00AB1975 /* KiwiGuiLink.h */,
				8FBDF7471ACD848B00AB1975 /* KiwiGuiModels.h */,
				8FBDF7481ACD848B00AB1975 /* KiwiGuiObject.cpp */,
				8FBDF7491ACD848B00AB1975 /* KiwiGuiObject.h */,
				8FBDF74A1ACD848B00AB1975 /* KiwiGuiPatcher.cpp */,
				8FBDF74B1ACD848B00AB1975 /* KiwiGuiPatcher.h */,
				8FBDF74C1ACD848B00AB1975 /* KiwiGuiPatchManager.cpp */,
				8FBDF74D1ACD848B00AB1975 /* KiwiGuiPatchManager.h */,
			);
			path = KiwiGuiModels;
			sourceTree = "<group>";
		};
		8FBDF74E1ACD848B00AB1975 /* KiwiGuiModules */ = {
			isa = PBXGroup;
			children = (
				8FBDF74F1ACD848B00AB1975 /* KiwiGuiClassic.cpp */,
				8FBDF7501ACD848B00AB1975 /* KiwiGuiClassic.h */,
				8FBDF7511ACD848B00AB1975 /* KiwiGuiMajor.cpp */,
				8FBDF7521ACD848B00AB1975 /* KiwiGuiMajor.h */,
				8FBDF7531ACD848B00AB1975 /* KiwiGuiModules.h */,
			);
			path = KiwiGuiModules;
			sourceTree = "<group>";
		};
		8FBDF7541ACD848B00AB1975 /* KiwiGuiView */ = {
			isa = PBXGroup;
			children = (
				8FBDF7551ACD848B00AB1975 /* KiwiDefsView.h */,
				8FBDF7561ACD848B00AB1975 /* KiwiGuiView.h */,
				8FBDF7571ACD848B00AB1975 /* KiwiLinkView.cpp */,
				8FBDF7581ACD848B00AB1975 /* KiwiLinkView.h */,
				8FBDF7591ACD848B00AB1975 /* KiwiObjectView.cpp */,
				8FBDF75A1ACD848B00AB1975 /* KiwiObjectView.h */,
				8FBDF75B1ACD848B00AB1975 /* KiwiPatcherView.cpp */,
				8FBDF75C1ACD848B00AB1975 /* KiwiPatcherView.h */,
			);
			path = KiwiGuiView;
			sourceTree = "<group>";
		};
		8FD4696A1A9F648A00EC3487 /* Source */ = {
			isa = PBXGroup;
			children = (
				8FD4696B1A9F648A00EC3487 /* Main.cpp */,
				8FD4696D1A9F649200EC3487 /* KiwiModules */,
			);
			path = Source;
			sourceTree = "<group>";
		};
		8FD4696D1A9F649200EC3487 /* KiwiModules */ = {
			isa = PBXGroup;
			children = (
				8FD4696F1A9F649300EC3487 /* KiwiCore */,
				8FD4697D1A9F649300EC3487 /* KiwiDsp */,
				8FD469981A9F649300EC3487 /* KiwiGui */,
				8FD469C31A9F649300EC3487 /* KiwiModules.h */,
				8FD469C41A9F649300EC3487 /* KiwiObjects */,
				8FD469D51A9F649300EC3487 /* KiwiPatcher */,
				8FD469E51A9F649300EC3487 /* KiwiWrapper */,
			);
			name = KiwiModules;
			path = ../../KiwiModules;
			sourceTree = "<group>";
		};
		8FD4696F1A9F649300EC3487 /* KiwiCore */ = {
			isa = PBXGroup;
			children = (
				8FD469711A9F649300EC3487 /* KiwiAtom.cpp */,
				8FD469721A9F649300EC3487 /* KiwiAtom.h */,
				8FD469731A9F649300EC3487 /* KiwiBeacon.cpp */,
				8FD469741A9F649300EC3487 /* KiwiBeacon.h */,
				8FD469751A9F649300EC3487 /* KiwiClock.cpp */,
				8FD469761A9F649300EC3487 /* KiwiClock.h */,
				8FD469771A9F649300EC3487 /* KiwiCore.h */,
				8FD469781A9F649300EC3487 /* KiwiTag.cpp */,
				8FD469791A9F649300EC3487 /* KiwiTag.h */,
				8FD4697A1A9F649300EC3487 /* KiwiTools.h */,
			);
			path = KiwiCore;
			sourceTree = "<group>";
		};
		8FD4697D1A9F649300EC3487 /* KiwiDsp */ = {
			isa = PBXGroup;
			children = (
				8FD4697F1A9F649300EC3487 /* KiwiDsp.h */,
				8FD469801A9F649300EC3487 /* KiwiDspModels */,
				8FD4698E1A9F649300EC3487 /* KiwiDspModules */,
			);
			path = KiwiDsp;
			sourceTree = "<group>";
		};
		8FD469801A9F649300EC3487 /* KiwiDspModels */ = {
			isa = PBXGroup;
			children = (
				8FD4698A1A9F649300EC3487 /* KiwiDspModels.h */,
				8FD469871A9F649300EC3487 /* KiwiDspError.h */,
				8F8902491AA99EF500DCA989 /* KiwiDspSignal.cpp */,
				8FD4698D1A9F649300EC3487 /* KiwiDspSignal.h */,
				8FD469881A9F649300EC3487 /* KiwiDspIoput.cpp */,
				8FD469891A9F649300EC3487 /* KiwiDspIoput.h */,
				8F89024B1AA9C60800DCA989 /* KiwiDspExpr.cpp */,
				8F89024C1AA9C60800DCA989 /* KiwiDspExpr.h */,
				8FD4698B1A9F649300EC3487 /* KiwiDspNode.cpp */,
				8FD4698C1A9F649300EC3487 /* KiwiDspNode.h */,
				8FD469811A9F649300EC3487 /* KiwiDspChain.cpp */,
				8FD469821A9F649300EC3487 /* KiwiDspChain.h */,
				8FD469831A9F649300EC3487 /* KiwiDspContext.cpp */,
				8FD469841A9F649300EC3487 /* KiwiDspContext.h */,
				8FD469851A9F649300EC3487 /* KiwiDspDevice.cpp */,
				8FD469861A9F649300EC3487 /* KiwiDspDevice.h */,
			);
			path = KiwiDspModels;
			sourceTree = "<group>";
		};
		8FD4698E1A9F649300EC3487 /* KiwiDspModules */ = {
			isa = PBXGroup;
			children = (
				8FD4698F1A9F649300EC3487 /* KiwiDspGenerator.cpp */,
				8FD469901A9F649300EC3487 /* KiwiDspGenerator.h */,
				8FD469911A9F649300EC3487 /* KiwiDspIo.cpp */,
				8FD469921A9F649300EC3487 /* KiwiDspIo.h */,
				8FD469931A9F649300EC3487 /* KiwiDspMath.cpp */,
				8FD469941A9F649300EC3487 /* KiwiDspMath.h */,
				8FD469951A9F649300EC3487 /* KiwiDspModules.h */,
			);
			path = KiwiDspModules;
			sourceTree = "<group>";
		};
		8FD469981A9F649300EC3487 /* KiwiGui */ = {
			isa = PBXGroup;
			children = (
				8FBDF7241ACD848B00AB1975 /* KiwiAttributes */,
				8FBDF72C1ACD848B00AB1975 /* KiwiGraphics */,
				8FBDF7381ACD848B00AB1975 /* KiwiGuiEvents */,
				8FBDF7421ACD848B00AB1975 /* KiwiGuiModels */,
				8FBDF74E1ACD848B00AB1975 /* KiwiGuiModules */,
				8FBDF7541ACD848B00AB1975 /* KiwiGuiView */,
				8FD469B11A9F649300EC3487 /* KiwiGui.h */,
			);
			path = KiwiGui;
			sourceTree = "<group>";
		};
		8FD469C41A9F649300EC3487 /* KiwiObjects */ = {
			isa = PBXGroup;
			children = (
				8FD469C51A9F649300EC3487 /* KiwiObjects.h */,
				8FD469C61A9F649300EC3487 /* KiwiObjectsBasic */,
				8FD469CA1A9F649300EC3487 /* KiwiObjectsDsp */,
				8FD469D01A9F649300EC3487 /* KiwiObjectsGui */,
			);
			path = KiwiObjects;
			sourceTree = "<group>";
		};
		8FD469C61A9F649300EC3487 /* KiwiObjectsBasic */ = {
			isa = PBXGroup;
			children = (
				8FD469C71A9F649300EC3487 /* KiwiObjectsBasic.h */,
				8FD469C81A9F649300EC3487 /* KiwiObjectsBasicDefault.cpp */,
				8FD469C91A9F649300EC3487 /* KiwiObjectsBasicDefault.h */,
			);
			path = KiwiObjectsBasic;
			sourceTree = "<group>";
		};
		8FD469CA1A9F649300EC3487 /* KiwiObjectsDsp */ = {
			isa = PBXGroup;
			children = (
				8FD469CB1A9F649300EC3487 /* KiwiObjectsDsp.h */,
				8FD469CC1A9F649300EC3487 /* KiwiObjectsDspGenerator.cpp */,
				8FD469CD1A9F649300EC3487 /* KiwiObjectsDspGenerator.h */,
				8FD469CE1A9F649300EC3487 /* KiwiObjectsDspIo.cpp */,
				8FD469CF1A9F649300EC3487 /* KiwiObjectsDspIo.h */,
			);
			path = KiwiObjectsDsp;
			sourceTree = "<group>";
		};
		8FD469D01A9F649300EC3487 /* KiwiObjectsGui */ = {
			isa = PBXGroup;
			children = (
				8FD469D11A9F649300EC3487 /* KiwiObjectsGui.h */,
				8FD469D21A9F649300EC3487 /* KiwiObjectsGuiClassic.cpp */,
				8FD469D31A9F649300EC3487 /* KiwiObjectsGuiClassic.h */,
			);
			path = KiwiObjectsGui;
			sourceTree = "<group>";
		};
		8FD469D51A9F649300EC3487 /* KiwiPatcher */ = {
			isa = PBXGroup;
			children = (
				8FD469D61A9F649300EC3487 /* .gitignore */,
				8FD469D71A9F649300EC3487 /* .gitmodules */,
				8FD469D81A9F649300EC3487 /* KiwiConsole.cpp */,
				8FD469D91A9F649300EC3487 /* KiwiConsole.h */,
				8FD469DA1A9F649300EC3487 /* KiwiInstance.cpp */,
				8FD469DB1A9F649300EC3487 /* KiwiInstance.h */,
				8FD469DC1A9F649300EC3487 /* KiwiLink.cpp */,
				8FD469DD1A9F649300EC3487 /* KiwiLink.h */,
				8FD469DE1A9F649300EC3487 /* KiwiObject.cpp */,
				8FD469DF1A9F649300EC3487 /* KiwiObject.h */,
				8FD469E01A9F649300EC3487 /* KiwiPatch.cpp */,
				8FD469E11A9F649300EC3487 /* KiwiPatch.h */,
				8FD469E21A9F649300EC3487 /* KiwiPatcher.h */,
			);
			path = KiwiPatcher;
			sourceTree = "<group>";
		};
		8FD469E51A9F649300EC3487 /* KiwiWrapper */ = {
			isa = PBXGroup;
			children = (
				8FD469E61A9F649300EC3487 /* KiwiDspJuce.cpp */,
				8FD469E71A9F649300EC3487 /* KiwiDspJuce.h */,
				8FD469E81A9F649300EC3487 /* KiwiDspPortAudio.cpp */,
				8FD469E91A9F649300EC3487 /* KiwiDspPortAudio.h */,
				8FD469EA1A9F649300EC3487 /* KiwiWrapper.h */,
			);
			path = KiwiWrapper;
			sourceTree = "<group>";
		};
/* End PBXGroup section */

/* Begin PBXNativeTarget section */
		8F8365D21A9640BE00465DA8 /* ExDspPA */ = {
			isa = PBXNativeTarget;
			buildConfigurationList = 8F8365DA1A9640BE00465DA8 /* Build configuration list for PBXNativeTarget "ExDspPA" */;
			buildPhases = (
				8F8365CF1A9640BE00465DA8 /* Sources */,
				8F8365D01A9640BE00465DA8 /* Frameworks */,
				8F8365D11A9640BE00465DA8 /* CopyFiles */,
			);
			buildRules = (
			);
			dependencies = (
			);
			name = ExDspPA;
			productName = PortAudioExample;
			productReference = 8F8365D31A9640BE00465DA8 /* ExDspPA */;
			productType = "com.apple.product-type.tool";
		};
/* End PBXNativeTarget section */

/* Begin PBXProject section */
		8F8365CB1A9640BE00465DA8 /* Project object */ = {
			isa = PBXProject;
			attributes = {
				LastUpgradeCheck = 0610;
				ORGANIZATIONNAME = Kiwi;
				TargetAttributes = {
					8F8365D21A9640BE00465DA8 = {
						CreatedOnToolsVersion = 6.1.1;
					};
				};
			};
			buildConfigurationList = 8F8365CE1A9640BE00465DA8 /* Build configuration list for PBXProject "ExDspPA" */;
			compatibilityVersion = "Xcode 3.2";
			developmentRegion = English;
			hasScannedForEncodings = 0;
			knownRegions = (
				en,
			);
			mainGroup = 8F8365CA1A9640BE00465DA8;
			productRefGroup = 8F8365D41A9640BE00465DA8 /* Products */;
			projectDirPath = "";
			projectRoot = "";
			targets = (
				8F8365D21A9640BE00465DA8 /* ExDspPA */,
			);
		};
/* End PBXProject section */

/* Begin PBXSourcesBuildPhase section */
		8F8365CF1A9640BE00465DA8 /* Sources */ = {
			isa = PBXSourcesBuildPhase;
			buildActionMask = 2147483647;
			files = (
				8FBDF7611ACD848B00AB1975 /* KiwiFont.cpp in Sources */,
				8FBDF76C1ACD848B00AB1975 /* KiwiGuiPatcher.cpp in Sources */,
				8FD46A181A9F649300EC3487 /* KiwiDspJuce.cpp in Sources */,
				8FD469FA1A9F649300EC3487 /* KiwiDspIo.cpp in Sources */,
				8FBDF7641ACD848B00AB1975 /* KiwiRectangle.cpp in Sources */,
				8FBDF76F1ACD848B00AB1975 /* KiwiGuiMajor.cpp in Sources */,
				8FBDF76D1ACD848B00AB1975 /* KiwiGuiPatchManager.cpp in Sources */,
				8FBDF76E1ACD848B00AB1975 /* KiwiGuiClassic.cpp in Sources */,
				8FD46A0F1A9F649300EC3487 /* KiwiObjectsDspIo.cpp in Sources */,
				8FD46A141A9F649300EC3487 /* KiwiLink.cpp in Sources */,
				8FD46A101A9F649300EC3487 /* KiwiObjectsGuiClassic.cpp in Sources */,
				8FD469F71A9F649300EC3487 /* KiwiDspIoput.cpp in Sources */,
				8FBDF7681ACD848B00AB1975 /* KiwiWriter.cpp in Sources */,
				8FD469FB1A9F649300EC3487 /* KiwiDspMath.cpp in Sources */,
				8FD469EF1A9F649300EC3487 /* KiwiAtom.cpp in Sources */,
				8FBDF76B1ACD848B00AB1975 /* KiwiGuiObject.cpp in Sources */,
				8FD46A151A9F649300EC3487 /* KiwiObject.cpp in Sources */,
				8FD469F21A9F649300EC3487 /* KiwiTag.cpp in Sources */,
				8FD469F51A9F649300EC3487 /* KiwiDspContext.cpp in Sources */,
				8FBDF75D1ACD848B00AB1975 /* KiwiAttr.cpp in Sources */,
				8FBDF76A1ACD848B00AB1975 /* KiwiGuiLink.cpp in Sources */,
				8FBDF75E1ACD848B00AB1975 /* KiwiAttrDefault.cpp in Sources */,
				8FBDF7601ACD848B00AB1975 /* KiwiColor.cpp in Sources */,
				8FBDF7651ACD848B00AB1975 /* KiwiKeyboarder.cpp in Sources */,
				8FD469F81A9F649300EC3487 /* KiwiDspNode.cpp in Sources */,
				8FBDF7671ACD848B00AB1975 /* KiwiSketcher.cpp in Sources */,
				8FD46A0D1A9F649300EC3487 /* KiwiObjectsBasicDefault.cpp in Sources */,
				8FD4696C1A9F648A00EC3487 /* Main.cpp in Sources */,
				8FBDF7701ACD848B00AB1975 /* KiwiLinkView.cpp in Sources */,
				8FD469F91A9F649300EC3487 /* KiwiDspGenerator.cpp in Sources */,
				8FD469F11A9F649300EC3487 /* KiwiClock.cpp in Sources */,
				8FD46A131A9F649300EC3487 /* KiwiInstance.cpp in Sources */,
				8FD46A0E1A9F649300EC3487 /* KiwiObjectsDspGenerator.cpp in Sources */,
				8F89024D1AA9C60800DCA989 /* KiwiDspExpr.cpp in Sources */,
				8FBDF75F1ACD848B00AB1975 /* KiwiAttrGraphic.cpp in Sources */,
				8FD469F01A9F649300EC3487 /* KiwiBeacon.cpp in Sources */,
				8FD46A161A9F649300EC3487 /* KiwiPatch.cpp in Sources */,
				8FBDF7631ACD848B00AB1975 /* KiwiPoint.cpp in Sources */,
				8FD46A191A9F649300EC3487 /* KiwiDspPortAudio.cpp in Sources */,
				8FBDF7691ACD848B00AB1975 /* KiwiGuiDevice.cpp in Sources */,
				8FBDF7661ACD848B00AB1975 /* KiwiMouser.cpp in Sources */,
				8FD469F41A9F649300EC3487 /* KiwiDspChain.cpp in Sources */,
				8FBDF7721ACD848B00AB1975 /* KiwiPatcherView.cpp in Sources */,
				8FD469F61A9F649300EC3487 /* KiwiDspDevice.cpp in Sources */,
				8FD46A121A9F649300EC3487 /* KiwiConsole.cpp in Sources */,
				8FBDF7621ACD848B00AB1975 /* KiwiPath.cpp in Sources */,
				8FBDF7711ACD848B00AB1975 /* KiwiObjectView.cpp in Sources */,
				8F89024A1AA99EF500DCA989 /* KiwiDspSignal.cpp in Sources */,
			);
			runOnlyForDeploymentPostprocessing = 0;
		};
/* End PBXSourcesBuildPhase section */

/* Begin XCBuildConfiguration section */
		8F8365D81A9640BE00465DA8 /* Debug */ = {
			isa = XCBuildConfiguration;
			buildSettings = {
				ALWAYS_SEARCH_USER_PATHS = NO;
				CLANG_CXX_LANGUAGE_STANDARD = "gnu++0x";
				CLANG_CXX_LIBRARY = "libc++";
				CLANG_ENABLE_MODULES = YES;
				CLANG_ENABLE_OBJC_ARC = YES;
				CLANG_WARN_BOOL_CONVERSION = YES;
				CLANG_WARN_CONSTANT_CONVERSION = YES;
				CLANG_WARN_DIRECT_OBJC_ISA_USAGE = YES_ERROR;
				CLANG_WARN_EMPTY_BODY = YES;
				CLANG_WARN_ENUM_CONVERSION = YES;
				CLANG_WARN_INT_CONVERSION = YES;
				CLANG_WARN_OBJC_ROOT_CLASS = YES_ERROR;
				CLANG_WARN_UNREACHABLE_CODE = YES;
				CLANG_WARN__DUPLICATE_METHOD_MATCH = YES;
				COPY_PHASE_STRIP = NO;
				ENABLE_STRICT_OBJC_MSGSEND = YES;
				GCC_C_LANGUAGE_STANDARD = gnu99;
				GCC_DYNAMIC_NO_PIC = NO;
				GCC_OPTIMIZATION_LEVEL = 0;
				GCC_PREPROCESSOR_DEFINITIONS = (
					"DEBUG=1",
					"$(inherited)",
				);
				GCC_SYMBOLS_PRIVATE_EXTERN = NO;
				GCC_WARN_64_TO_32_BIT_CONVERSION = YES;
				GCC_WARN_ABOUT_RETURN_TYPE = YES_ERROR;
				GCC_WARN_UNDECLARED_SELECTOR = YES;
				GCC_WARN_UNINITIALIZED_AUTOS = YES_AGGRESSIVE;
				GCC_WARN_UNUSED_FUNCTION = YES;
				GCC_WARN_UNUSED_VARIABLE = YES;
				MACOSX_DEPLOYMENT_TARGET = 10.10;
				MTL_ENABLE_DEBUG_INFO = YES;
				ONLY_ACTIVE_ARCH = YES;
				SDKROOT = macosx;
			};
			name = Debug;
		};
		8F8365D91A9640BE00465DA8 /* Release */ = {
			isa = XCBuildConfiguration;
			buildSettings = {
				ALWAYS_SEARCH_USER_PATHS = NO;
				CLANG_CXX_LANGUAGE_STANDARD = "gnu++0x";
				CLANG_CXX_LIBRARY = "libc++";
				CLANG_ENABLE_MODULES = YES;
				CLANG_ENABLE_OBJC_ARC = YES;
				CLANG_WARN_BOOL_CONVERSION = YES;
				CLANG_WARN_CONSTANT_CONVERSION = YES;
				CLANG_WARN_DIRECT_OBJC_ISA_USAGE = YES_ERROR;
				CLANG_WARN_EMPTY_BODY = YES;
				CLANG_WARN_ENUM_CONVERSION = YES;
				CLANG_WARN_INT_CONVERSION = YES;
				CLANG_WARN_OBJC_ROOT_CLASS = YES_ERROR;
				CLANG_WARN_UNREACHABLE_CODE = YES;
				CLANG_WARN__DUPLICATE_METHOD_MATCH = YES;
				COPY_PHASE_STRIP = YES;
				DEBUG_INFORMATION_FORMAT = "dwarf-with-dsym";
				ENABLE_NS_ASSERTIONS = NO;
				ENABLE_STRICT_OBJC_MSGSEND = YES;
				GCC_C_LANGUAGE_STANDARD = gnu99;
				GCC_WARN_64_TO_32_BIT_CONVERSION = YES;
				GCC_WARN_ABOUT_RETURN_TYPE = YES_ERROR;
				GCC_WARN_UNDECLARED_SELECTOR = YES;
				GCC_WARN_UNINITIALIZED_AUTOS = YES_AGGRESSIVE;
				GCC_WARN_UNUSED_FUNCTION = YES;
				GCC_WARN_UNUSED_VARIABLE = YES;
				MACOSX_DEPLOYMENT_TARGET = 10.10;
				MTL_ENABLE_DEBUG_INFO = NO;
				SDKROOT = macosx;
			};
			name = Release;
		};
		8F8365DB1A9640BE00465DA8 /* Debug */ = {
			isa = XCBuildConfiguration;
			buildSettings = {
				ARCHS = "$(ARCHS_STANDARD_32_64_BIT)";
				GCC_PREPROCESSOR_DEFINITIONS = (
					"$(inherited)",
					"__KIWI_PORTAUDIO_WRAPPER__=1",
				);
				HEADER_SEARCH_PATHS = (
					"$(inherited)",
					/Applications/Xcode.app/Contents/Developer/Toolchains/XcodeDefault.xctoolchain/usr/include,
					../ThirdParty/PortAudio/include/,
				);
				LIBRARY_SEARCH_PATHS = (
					"$(inherited)",
					/Users/Pierre/GitHub/KiwiExamples/ThirdParty/PortAudio/lib/.libs,
				);
				LLVM_LTO = YES;
				PRODUCT_NAME = ExDspPA;
				USER_HEADER_SEARCH_PATHS = "";
			};
			name = Debug;
		};
		8F8365DC1A9640BE00465DA8 /* Release */ = {
			isa = XCBuildConfiguration;
			buildSettings = {
				ARCHS = "$(ARCHS_STANDARD_32_64_BIT)";
				GCC_OPTIMIZATION_LEVEL = 3;
				GCC_PREPROCESSOR_DEFINITIONS = "__KIWI_PORTAUDIO_WRAPPER__=1";
				HEADER_SEARCH_PATHS = (
					"$(inherited)",
					/Applications/Xcode.app/Contents/Developer/Toolchains/XcodeDefault.xctoolchain/usr/include,
					../ThirdParty/PortAudio/include/,
				);
				LIBRARY_SEARCH_PATHS = (
					"$(inherited)",
					/Users/Pierre/GitHub/KiwiExamples/ThirdParty/PortAudio/lib/.libs,
				);
				LLVM_LTO = YES;
				PRODUCT_NAME = ExDspPA;
				USER_HEADER_SEARCH_PATHS = "";
			};
			name = Release;
		};
/* End XCBuildConfiguration section */

/* Begin XCConfigurationList section */
		8F8365CE1A9640BE00465DA8 /* Build configuration list for PBXProject "ExDspPA" */ = {
			isa = XCConfigurationList;
			buildConfigurations = (
				8F8365D81A9640BE00465DA8 /* Debug */,
				8F8365D91A9640BE00465DA8 /* Release */,
			);
			defaultConfigurationIsVisible = 0;
			defaultConfigurationName = Debug;
		};
		8F8365DA1A9640BE00465DA8 /* Build configuration list for PBXNativeTarget "ExDspPA" */ = {
			isa = XCConfigurationList;
			buildConfigurations = (
				8F8365DB1A9640BE00465DA8 /* Debug */,
				8F8365DC1A9640BE00465DA8 /* Release */,
			);
			defaultConfigurationIsVisible = 0;
			defaultConfigurationName = Debug;
		};
/* End XCConfigurationList section */
	};
	rootObject = 8F8365CB1A9640BE00465DA8 /* Project object */;
}
